
Microsoft Visual Studio Solution File, Format Version 12.00
# Visual Studio Version 17
VisualStudioVersion = 17.0.31825.309
MinimumVisualStudioVersion = 10.0.40219.1
Project("{2150E333-8FDC-42A3-9474-1A3956D46DE8}") = "Solution Items", "Solution Items", "{E241B1C4-362F-4508-8D9C-C287A341EF7F}"
	ProjectSection(SolutionItems) = preProject
		.editorconfig = .editorconfig
	EndProjectSection
EndProject
Project("{9A19103F-16F7-4668-BE54-9A1E7A4F7556}") = "COMPASS.Common", "Source\COMPASS.Common\COMPASS.Common.csproj", "{10718856-D256-44F3-9524-D85780E53955}"
EndProject
Project("{9A19103F-16F7-4668-BE54-9A1E7A4F7556}") = "COMPASS.WPF", "Source\COMPASS.WPF\COMPASS.WPF.csproj", "{793C5CC5-91E8-47D1-B791-E13B175D9B98}"
EndProject
Project("{9A19103F-16F7-4668-BE54-9A1E7A4F7556}") = "COMPASS.Windows", "Source\COMPASS.Windows\COMPASS.Windows.csproj", "{0BAB9820-19B5-4195-BA4B-8972E6242A2A}"
EndProject
Project("{9A19103F-16F7-4668-BE54-9A1E7A4F7556}") = "COMPASS.Linux", "Source\COMPASS.Linux\COMPASS.Linux.csproj", "{A8622567-4660-4F77-9B9B-A989AE901167}"
EndProject
Project("{9A19103F-16F7-4668-BE54-9A1E7A4F7556}") = "COMPASS.MacOS", "Source\COMPASS.MacOS\COMPASS.MacOS.csproj", "{BB8A39BB-EC51-48F1-BAA8-34151371CAC2}"
EndProject
Project("{FAE04EC0-301F-11D3-BF4B-00C04F79EFBC}") = "Tests", "Tests\Tests.csproj", "{6F2602F3-33FD-4EAC-BDC9-ADB82200EC44}"
EndProject
Global
	GlobalSection(SolutionConfigurationPlatforms) = preSolution
		Debug|Any CPU = Debug|Any CPU
		Release|Any CPU = Release|Any CPU
	EndGlobalSection
	GlobalSection(ProjectConfigurationPlatforms) = postSolution
		{10718856-D256-44F3-9524-D85780E53955}.Debug|Any CPU.ActiveCfg = Debug|Any CPU
		{10718856-D256-44F3-9524-D85780E53955}.Debug|Any CPU.Build.0 = Debug|Any CPU
		{10718856-D256-44F3-9524-D85780E53955}.Release|Any CPU.ActiveCfg = Release|Any CPU
		{10718856-D256-44F3-9524-D85780E53955}.Release|Any CPU.Build.0 = Release|Any CPU
		{793C5CC5-91E8-47D1-B791-E13B175D9B98}.Debug|Any CPU.ActiveCfg = Debug|Any CPU
		{793C5CC5-91E8-47D1-B791-E13B175D9B98}.Debug|Any CPU.Build.0 = Debug|Any CPU
		{793C5CC5-91E8-47D1-B791-E13B175D9B98}.Release|Any CPU.ActiveCfg = Release|Any CPU
		{793C5CC5-91E8-47D1-B791-E13B175D9B98}.Release|Any CPU.Build.0 = Release|Any CPU
		{0BAB9820-19B5-4195-BA4B-8972E6242A2A}.Debug|Any CPU.ActiveCfg = Debug|Any CPU
		{0BAB9820-19B5-4195-BA4B-8972E6242A2A}.Debug|Any CPU.Build.0 = Debug|Any CPU
		{0BAB9820-19B5-4195-BA4B-8972E6242A2A}.Release|Any CPU.ActiveCfg = Release|Any CPU
		{0BAB9820-19B5-4195-BA4B-8972E6242A2A}.Release|Any CPU.Build.0 = Release|Any CPU
		{A8622567-4660-4F77-9B9B-A989AE901167}.Debug|Any CPU.ActiveCfg = Debug|Any CPU
		{A8622567-4660-4F77-9B9B-A989AE901167}.Debug|Any CPU.Build.0 = Debug|Any CPU
		{A8622567-4660-4F77-9B9B-A989AE901167}.Release|Any CPU.ActiveCfg = Release|Any CPU
		{A8622567-4660-4F77-9B9B-A989AE901167}.Release|Any CPU.Build.0 = Release|Any CPU
		{BB8A39BB-EC51-48F1-BAA8-34151371CAC2}.Debug|Any CPU.ActiveCfg = Debug|Any CPU
		{BB8A39BB-EC51-48F1-BAA8-34151371CAC2}.Debug|Any CPU.Build.0 = Debug|Any CPU
		{BB8A39BB-EC51-48F1-BAA8-34151371CAC2}.Release|Any CPU.ActiveCfg = Release|Any CPU
		{BB8A39BB-EC51-48F1-BAA8-34151371CAC2}.Release|Any CPU.Build.0 = Release|Any CPU
		{6F2602F3-33FD-4EAC-BDC9-ADB82200EC44}.Debug|Any CPU.ActiveCfg = Debug|Any CPU
		{6F2602F3-33FD-4EAC-BDC9-ADB82200EC44}.Debug|Any CPU.Build.0 = Debug|Any CPU
		{6F2602F3-33FD-4EAC-BDC9-ADB82200EC44}.Release|Any CPU.ActiveCfg = Release|Any CPU
		{6F2602F3-33FD-4EAC-BDC9-ADB82200EC44}.Release|Any CPU.Build.0 = Release|Any CPU
	EndGlobalSection
	GlobalSection(SolutionProperties) = preSolution
		HideSolutionNode = FALSE
	EndGlobalSection
	GlobalSection(ExtensibilityGlobals) = postSolution
		SolutionGuid = {CA7D0146-D7B6-433B-A991-AA41F69C9C92}
	EndGlobalSection
EndGlobal
