
Microsoft Visual Studio Solution File, Format Version 12.00
# Visual Studio Version 18
VisualStudioVersion = 18.0.11222.15 d18.0
MinimumVisualStudioVersion = 10.0.40219.1
Project("{2150E333-8FDC-42A3-9474-1A3956D46DE8}") = "Solution Items", "Solution Items", "{E241B1C4-362F-4508-8D9C-C287A341EF7F}"
	ProjectSection(SolutionItems) = preProject
		.editorconfig = .editorconfig
	EndProjectSection
EndProject
Project("{FAE04EC0-301F-11D3-BF4B-00C04F79EFBC}") = "COMPASS.Infra", "Source\COMPASS.Infra\COMPASS.Infra.csproj", "{550EF5DC-20F9-4C22-8FA3-DA8AA4C6D931}"
EndProject
Project("{9A19103F-16F7-4668-BE54-9A1E7A4F7556}") = "COMPASS.Common", "Source\COMPASS.Common\COMPASS.Common.csproj", "{10718856-D256-44F3-9524-D85780E53955}"
EndProject
Project("{9A19103F-16F7-4668-BE54-9A1E7A4F7556}") = "COMPASS.WPF", "Source\COMPASS.WPF\COMPASS.WPF.csproj", "{793C5CC5-91E8-47D1-B791-E13B175D9B98}"
EndProject
Project("{9A19103F-16F7-4668-BE54-9A1E7A4F7556}") = "COMPASS.Windows", "Source\COMPASS.Windows\COMPASS.Windows.csproj", "{0BAB9820-19B5-4195-BA4B-8972E6242A2A}"
EndProject
Project("{9A19103F-16F7-4668-BE54-9A1E7A4F7556}") = "COMPASS.Linux", "Source\COMPASS.Linux\COMPASS.Linux.csproj", "{A8622567-4660-4F77-9B9B-A989AE901167}"
EndProject
Project("{FAE04EC0-301F-11D3-BF4B-00C04F79EFBC}") = "COMPASS.Tests.Common", "Tests\COMPASS.Tests.Common\COMPASS.Tests.Common.csproj", "{6F2602F3-33FD-4EAC-BDC9-ADB82200EC44}"
EndProject
Project("{2150E333-8FDC-42A3-9474-1A3956D46DE8}") = "Lib", "Lib", "{CEA526AB-93F3-4B91-A98F-3BF60136923B}"
EndProject
Project("{2150E333-8FDC-42A3-9474-1A3956D46DE8}") = "Desktop", "Desktop", "{EFE993D9-AC04-48E9-8E52-ABAD7B93ACDD}"
EndProject
Project("{2150E333-8FDC-42A3-9474-1A3956D46DE8}") = "Tests", "Tests", "{A7F0AA7F-8AD1-43BF-B5BC-EC2BF2747246}"
EndProject
Project("{FAE04EC0-301F-11D3-BF4B-00C04F79EFBC}") = "Tests.UnitTests", "Tests\COMPASS.UnitTests\COMPASS.UnitTests.csproj", "{897F43CC-7EEE-495F-AA3E-F24017E6A92D}"
EndProject
Project("{FAE04EC0-301F-11D3-BF4B-00C04F79EFBC}") = "COMPASS.IntegrationTests.Windows", "Tests\COMPASS.IntegrationTests.Windows\COMPASS.IntegrationTests.Windows.csproj", "{4D3C8E74-C78A-4BF1-81C9-230A3C6E1D7B}"
EndProject
Project("{FAE04EC0-301F-11D3-BF4B-00C04F79EFBC}") = "COMPASS.IntegrationTests.Linux", "Tests\COMPASS.IntegrationTests.Linux\COMPASS.IntegrationTests.Linux.csproj", "{85471BE4-EE09-40BE-AD22-831EF48701E0}"
EndProject
Project("{FAE04EC0-301F-11D3-BF4B-00C04F79EFBC}") = "COMPASS.IntegrationTests.Common", "Tests\COMPASS.IntegrationTests.Common\COMPASS.IntegrationTests.Common.csproj", "{3D7C4444-A464-4D05-837D-EFF2EB1E6038}"
EndProject
Project("{FAE04EC0-301F-11D3-BF4B-00C04F79EFBC}") = "COMPASS.Tests.UI", "Tests\COMPASS.Tests.UI\COMPASS.Tests.UI.csproj", "{08B19EC6-BC27-4FDA-90CA-C0113463DE4A}"
EndProject
Global
	GlobalSection(SolutionConfigurationPlatforms) = preSolution
		Debug|Any CPU = Debug|Any CPU
		Release|Any CPU = Release|Any CPU
	EndGlobalSection
	GlobalSection(ProjectConfigurationPlatforms) = postSolution
		{550EF5DC-20F9-4C22-8FA3-DA8AA4C6D931}.Debug|Any CPU.ActiveCfg = Debug|Any CPU
		{550EF5DC-20F9-4C22-8FA3-DA8AA4C6D931}.Debug|Any CPU.Build.0 = Debug|Any CPU
		{550EF5DC-20F9-4C22-8FA3-DA8AA4C6D931}.Release|Any CPU.ActiveCfg = Release|Any CPU
		{550EF5DC-20F9-4C22-8FA3-DA8AA4C6D931}.Release|Any CPU.Build.0 = Release|Any CPU
		{10718856-D256-44F3-9524-D85780E53955}.Debug|Any CPU.ActiveCfg = Debug|Any CPU
		{10718856-D256-44F3-9524-D85780E53955}.Debug|Any CPU.Build.0 = Debug|Any CPU
		{10718856-D256-44F3-9524-D85780E53955}.Release|Any CPU.ActiveCfg = Release|Any CPU
		{10718856-D256-44F3-9524-D85780E53955}.Release|Any CPU.Build.0 = Release|Any CPU
		{793C5CC5-91E8-47D1-B791-E13B175D9B98}.Debug|Any CPU.ActiveCfg = Debug|Any CPU
		{793C5CC5-91E8-47D1-B791-E13B175D9B98}.Debug|Any CPU.Build.0 = Debug|Any CPU
		{793C5CC5-91E8-47D1-B791-E13B175D9B98}.Release|Any CPU.ActiveCfg = Release|Any CPU
		{793C5CC5-91E8-47D1-B791-E13B175D9B98}.Release|Any CPU.Build.0 = Release|Any CPU
		{0BAB9820-19B5-4195-BA4B-8972E6242A2A}.Debug|Any CPU.ActiveCfg = Debug|Any CPU
		{0BAB9820-19B5-4195-BA4B-8972E6242A2A}.Debug|Any CPU.Build.0 = Debug|Any CPU
		{0BAB9820-19B5-4195-BA4B-8972E6242A2A}.Release|Any CPU.ActiveCfg = Release|Any CPU
		{0BAB9820-19B5-4195-BA4B-8972E6242A2A}.Release|Any CPU.Build.0 = Release|Any CPU
		{A8622567-4660-4F77-9B9B-A989AE901167}.Debug|Any CPU.ActiveCfg = Debug|Any CPU
		{A8622567-4660-4F77-9B9B-A989AE901167}.Debug|Any CPU.Build.0 = Debug|Any CPU
		{A8622567-4660-4F77-9B9B-A989AE901167}.Release|Any CPU.ActiveCfg = Release|Any CPU
		{A8622567-4660-4F77-9B9B-A989AE901167}.Release|Any CPU.Build.0 = Release|Any CPU
		{6F2602F3-33FD-4EAC-BDC9-ADB82200EC44}.Debug|Any CPU.ActiveCfg = Debug|Any CPU
		{6F2602F3-33FD-4EAC-BDC9-ADB82200EC44}.Debug|Any CPU.Build.0 = Debug|Any CPU
		{6F2602F3-33FD-4EAC-BDC9-ADB82200EC44}.Release|Any CPU.ActiveCfg = Release|Any CPU
		{6F2602F3-33FD-4EAC-BDC9-ADB82200EC44}.Release|Any CPU.Build.0 = Release|Any CPU
		{897F43CC-7EEE-495F-AA3E-F24017E6A92D}.Debug|Any CPU.ActiveCfg = Debug|Any CPU
		{897F43CC-7EEE-495F-AA3E-F24017E6A92D}.Debug|Any CPU.Build.0 = Debug|Any CPU
		{897F43CC-7EEE-495F-AA3E-F24017E6A92D}.Release|Any CPU.ActiveCfg = Release|Any CPU
		{897F43CC-7EEE-495F-AA3E-F24017E6A92D}.Release|Any CPU.Build.0 = Release|Any CPU
		{4D3C8E74-C78A-4BF1-81C9-230A3C6E1D7B}.Debug|Any CPU.ActiveCfg = Debug|Any CPU
		{4D3C8E74-C78A-4BF1-81C9-230A3C6E1D7B}.Debug|Any CPU.Build.0 = Debug|Any CPU
		{4D3C8E74-C78A-4BF1-81C9-230A3C6E1D7B}.Release|Any CPU.ActiveCfg = Release|Any CPU
		{4D3C8E74-C78A-4BF1-81C9-230A3C6E1D7B}.Release|Any CPU.Build.0 = Release|Any CPU
		{85471BE4-EE09-40BE-AD22-831EF48701E0}.Debug|Any CPU.ActiveCfg = Debug|Any CPU
		{85471BE4-EE09-40BE-AD22-831EF48701E0}.Debug|Any CPU.Build.0 = Debug|Any CPU
		{85471BE4-EE09-40BE-AD22-831EF48701E0}.Release|Any CPU.ActiveCfg = Release|Any CPU
		{85471BE4-EE09-40BE-AD22-831EF48701E0}.Release|Any CPU.Build.0 = Release|Any CPU
		{3D7C4444-A464-4D05-837D-EFF2EB1E6038}.Debug|Any CPU.ActiveCfg = Debug|Any CPU
		{3D7C4444-A464-4D05-837D-EFF2EB1E6038}.Debug|Any CPU.Build.0 = Debug|Any CPU
		{3D7C4444-A464-4D05-837D-EFF2EB1E6038}.Release|Any CPU.ActiveCfg = Release|Any CPU
		{3D7C4444-A464-4D05-837D-EFF2EB1E6038}.Release|Any CPU.Build.0 = Release|Any CPU
		{08B19EC6-BC27-4FDA-90CA-C0113463DE4A}.Debug|Any CPU.ActiveCfg = Debug|Any CPU
		{08B19EC6-BC27-4FDA-90CA-C0113463DE4A}.Debug|Any CPU.Build.0 = Debug|Any CPU
		{08B19EC6-BC27-4FDA-90CA-C0113463DE4A}.Release|Any CPU.ActiveCfg = Release|Any CPU
		{08B19EC6-BC27-4FDA-90CA-C0113463DE4A}.Release|Any CPU.Build.0 = Release|Any CPU
	EndGlobalSection
	GlobalSection(SolutionProperties) = preSolution
		HideSolutionNode = FALSE
	EndGlobalSection
	GlobalSection(NestedProjects) = preSolution
		{550EF5DC-20F9-4C22-8FA3-DA8AA4C6D931} = {CEA526AB-93F3-4B91-A98F-3BF60136923B}
		{10718856-D256-44F3-9524-D85780E53955} = {CEA526AB-93F3-4B91-A98F-3BF60136923B}
		{0BAB9820-19B5-4195-BA4B-8972E6242A2A} = {EFE993D9-AC04-48E9-8E52-ABAD7B93ACDD}
		{A8622567-4660-4F77-9B9B-A989AE901167} = {EFE993D9-AC04-48E9-8E52-ABAD7B93ACDD}
		{6F2602F3-33FD-4EAC-BDC9-ADB82200EC44} = {A7F0AA7F-8AD1-43BF-B5BC-EC2BF2747246}
		{897F43CC-7EEE-495F-AA3E-F24017E6A92D} = {A7F0AA7F-8AD1-43BF-B5BC-EC2BF2747246}
		{4D3C8E74-C78A-4BF1-81C9-230A3C6E1D7B} = {A7F0AA7F-8AD1-43BF-B5BC-EC2BF2747246}
		{85471BE4-EE09-40BE-AD22-831EF48701E0} = {A7F0AA7F-8AD1-43BF-B5BC-EC2BF2747246}
		{3D7C4444-A464-4D05-837D-EFF2EB1E6038} = {A7F0AA7F-8AD1-43BF-B5BC-EC2BF2747246}
		{08B19EC6-BC27-4FDA-90CA-C0113463DE4A} = {A7F0AA7F-8AD1-43BF-B5BC-EC2BF2747246}
	EndGlobalSection
	GlobalSection(ExtensibilityGlobals) = postSolution
		SolutionGuid = {CA7D0146-D7B6-433B-A991-AA41F69C9C92}
	EndGlobalSection
EndGlobal
