{
  "version": 1,
  "dependencies": {
    "net10.0": {
      "Avalonia.Desktop": {
        "type": "Direct",
        "requested": "[12.0.4, )",
        "resolved": "12.0.4",
        "contentHash": "7gnap/vQzMQESufH+muozlsOPAcMGE6CKEXUmv9Jx7dRK/OYO+r10ETrmRJg/zYgLPG8stZElsPUMhK8X+8rEQ==",
        "dependencies": {
          "Avalonia": "12.0.4",
          "Avalonia.HarfBuzz": "12.0.4",
          "Avalonia.Native": "12.0.4",
          "Avalonia.Skia": "12.0.4",
          "Avalonia.Win32": "12.0.4",
          "Avalonia.X11": "12.0.4"
        }
      },
      "HotAvalonia": {
        "type": "Direct",
        "requested": "[3.1.1, )",
        "resolved": "3.1.1",
        "contentHash": "kG341ZGxw/EwSiwtRmYhdCjduINQ3oW5afp+g3bzFhZsLlFO6X9Pcboc5MwSaxvWzabBUqH+uGUoBb4VIcCpSw==",
        "dependencies": {
          "Avalonia.Markup.Xaml.Loader": "11.0.0",
          "HotAvalonia.Core": "3.1.1",
          "HotAvalonia.Extensions": "3.1.1",
          "HotAvalonia.Fody": "3.1.1"
        }
      },
      "Autofac": {
        "type": "Transitive",
        "resolved": "9.1.0",
        "contentHash": "onT/BcnnfWcQNXiuC7R/0h8ALQzRdsAI20gpB7nfrudXpFMXdVZKz1umdtHXDwjc/bmWEsrCBAxck3+Arnk15g=="
      },
      "Autofac.Extensions.DependencyInjection": {
        "type": "Transitive",
        "resolved": "11.0.0",
        "contentHash": "/FSrJyYEsptkV9O3L95dTAoGO6XGSQFDENWHFcHxW0oQIEvW56Mgr01qO53EIEIDDvMFqszBU+uIm9fzGARLPQ==",
        "dependencies": {
          "Autofac": "9.1.0",
          "Microsoft.Extensions.DependencyInjection.Abstractions": "10.0.4"
        }
      },
      "Avalonia": {
        "type": "Transitive",
        "resolved": "12.0.4",
        "contentHash": "0ehIUuOVaR3OmsL8YK8v9yCCnOpzRtQSDgP5Nh2fMc+Lji8WoVGD+J6nvwkGjCH5hbm1urgvkVYWAYWkby0EeQ==",
        "dependencies": {
          "Avalonia.BuildServices": "11.3.2",
          "Avalonia.Remote.Protocol": "12.0.4",
          "MicroCom.Runtime": "0.11.4"
        }
      },
      "Avalonia.Angle.Windows.Natives": {
        "type": "Transitive",
        "resolved": "2.1.27548.20260419",
        "contentHash": "l17nI3XVDN3oMnpjf2pnmJg0YTwK4m6NLsn/itAjDMdObTFxN77D5F1M9sRMSfViSY3KKcse1ROczwgoWLJsnA=="
      },
      "Avalonia.BuildServices": {
        "type": "Transitive",
        "resolved": "11.3.2",
        "contentHash": "qHDToxto1e3hci5YqbG9n0Ty8mlp3zBUN5wT66wKqaDVzXyQ0do3EnRILd4Ke9jpvsktaPpgE0YjEk7hornryQ=="
      },
      "Avalonia.Controls.DataGrid": {
        "type": "Transitive",
        "resolved": "12.0.0",
        "contentHash": "pQ9NiviIoxbZ7fiD/KTdoEHRgdKibKtx8Low3nTrU6ZbvULtesuB65aLL/umjibsGMhzPOveqs/om98QAA5FMg==",
        "dependencies": {
          "Avalonia": "12.0.0"
        }
      },
      "Avalonia.Fonts.Inter": {
        "type": "Transitive",
        "resolved": "12.0.4",
        "contentHash": "wXyoxswY4hD6Ly9iB9sojD4rZ104trm2Z1HWLgjHo/eZcBpwT6/T0CDOVp2PeN2wSd72bKlE0n3pFj9t/z7Ipw==",
        "dependencies": {
          "Avalonia": "12.0.4"
        }
      },
      "Avalonia.FreeDesktop": {
        "type": "Transitive",
        "resolved": "12.0.4",
        "contentHash": "MYZ51mQg3ir1ZJO2ePoNHoixwGomJ0x1EH0NzLTFidsikkQDIPVA50yIHXamFRUaFFutK+XKRsk+afrUv2HZAQ==",
        "dependencies": {
          "Avalonia": "12.0.4",
          "Tmds.DBus.Protocol": "0.92.0"
        }
      },
      "Avalonia.FreeDesktop.AtSpi": {
        "type": "Transitive",
        "resolved": "12.0.4",
        "contentHash": "BRr7G2n9VFSdGmv3ZRxH2327Op1svwadmKw/RfU0lC96COVS7fWLIXxQFYzz+LvgiENt9+IE1nQGcOQCJVhZZA==",
        "dependencies": {
          "Avalonia": "12.0.4"
        }
      },
      "Avalonia.HarfBuzz": {
        "type": "Transitive",
        "resolved": "12.0.4",
        "contentHash": "FT5XHaxnCA+kj+Q6dXAPC9/Gy1eBz3buT7T6KJFu+P8+2WZoSFBN5Pk4mO/VA8OTUwtZB/TOX8lExSrmxUBdqw==",
        "dependencies": {
          "Avalonia": "12.0.4",
          "HarfBuzzSharp": "8.3.1.3",
          "HarfBuzzSharp.NativeAssets.Linux": "8.3.1.3",
          "HarfBuzzSharp.NativeAssets.WebAssembly": "8.3.1.3"
        }
      },
      "Avalonia.Labs.Gif": {
        "type": "Transitive",
        "resolved": "12.0.2",
        "contentHash": "4qMktPNNYOQF19yefeDwA3L5AXSFEDKIgYSneQB3oXFyqvIBb91DISpqS7cuc++xXlBeDiQGB7JyE6QrR9W8vw==",
        "dependencies": {
          "Avalonia": "12.0.1"
        }
      },
      "Avalonia.Markup.Xaml.Loader": {
        "type": "Transitive",
        "resolved": "11.0.0",
        "contentHash": "SDcf5qvleyTb0R24vzZBhFJV9ONlGz0ftOBRxXiSy7R6c513Rjnae0IImuUXSIj+Bmn8AjU6x9eDFRJO78pYVA==",
        "dependencies": {
          "Avalonia": "11.0.0"
        }
      },
      "Avalonia.Native": {
        "type": "Transitive",
        "resolved": "12.0.4",
        "contentHash": "N1Mxv+R9kQ9UDOybaQLNviDZ91k0RmY3m84Vj1gXsJcc+qMmGr0jvs0dBNcsvTHqkfY8gZC+u8CWdJUfLtRMAQ==",
        "dependencies": {
          "Avalonia": "12.0.4"
        }
      },
      "Avalonia.Remote.Protocol": {
        "type": "Transitive",
        "resolved": "12.0.4",
        "contentHash": "Cvnzp2KTO7BScBPnn4Q91PmVwLvv19of+ZxrN3KFHYQe8in0qNaefZgOHGEiXZ841WpdO3VUFw7qvxv/1RTTGg=="
      },
      "Avalonia.Skia": {
        "type": "Transitive",
        "resolved": "12.0.4",
        "contentHash": "YXUvuMqhbie4uNM9LTbniksavQcxhY0HLaxoH3IW7v4tYiV0U7VHQFDd0qfrlqqnmNZ6mtllk6wqm9uSr/YDZw==",
        "dependencies": {
          "Avalonia": "12.0.4",
          "HarfBuzzSharp": "8.3.1.3",
          "HarfBuzzSharp.NativeAssets.Linux": "8.3.1.3",
          "HarfBuzzSharp.NativeAssets.WebAssembly": "8.3.1.3",
          "SkiaSharp": "3.119.4",
          "SkiaSharp.NativeAssets.Linux": "3.119.4",
          "SkiaSharp.NativeAssets.WebAssembly": "3.119.4"
        }
      },
      "Avalonia.Themes.Fluent": {
        "type": "Transitive",
        "resolved": "12.0.4",
        "contentHash": "SWhg/CGDkQmYspvYHSH7f6OTqhAfdbK5oBpitL1TiGVc/KtslShZeQyW9kLo6vYajJmbjZG01gNGplcmjEyV4g==",
        "dependencies": {
          "Avalonia": "12.0.4"
        }
      },
      "Avalonia.Win32": {
        "type": "Transitive",
        "resolved": "12.0.4",
        "contentHash": "B4knOvBcS0sqHLW7uqGZCN42uqV08zdWcguIfWGGb1vOmdYnNDbTbVzMUEKKBCUuNIKE0Vs4y7zk8lvwyybyiA==",
        "dependencies": {
          "Avalonia": "12.0.4",
          "Avalonia.Angle.Windows.Natives": "2.1.27548.20260419"
        }
      },
      "Avalonia.X11": {
        "type": "Transitive",
        "resolved": "12.0.4",
        "contentHash": "zFSVXbhhUMkXL+Ity0slAzys1AOsGVX89n23uVBoQ0I26MU/xsRajDkDhNB5R/HdQGI57dEYSyRYsq+B2pxPFw==",
        "dependencies": {
          "Avalonia": "12.0.4",
          "Avalonia.FreeDesktop": "12.0.4",
          "Avalonia.FreeDesktop.AtSpi": "12.0.4",
          "Avalonia.Skia": "12.0.4"
        }
      },
      "AvaloniaUI.DiagnosticsSupport": {
        "type": "Transitive",
        "resolved": "2.2.2",
        "contentHash": "KbGXkGTTYnW6UCipZNnjS3LyGH+PGMPfX+bTJ3uvdgRL3Nxpy/vPeW67ySpcU+qQicTUxRN75p6ciAwIfnqT8A==",
        "dependencies": {
          "Microsoft.Extensions.Logging.Abstractions": "8.0.0",
          "Microsoft.IO.RecyclableMemoryStream": "3.0.1"
        }
      },
      "bblanchon.PDFium.Linux": {
        "type": "Transitive",
        "resolved": "147.0.7690",
        "contentHash": "VnH5sYEI1/gd1t0h3TQMsbGnicdYKfzfDjKBGfRX8MqjSFcWgHdFL1MGvyB7HBvQzZtDWspSn2qY6mehGRSw9g=="
      },
      "bblanchon.PDFium.macOS": {
        "type": "Transitive",
        "resolved": "147.0.7690",
        "contentHash": "P6b05GVUhbcfzO54W3rKTTWX/lac3CzZ+5TZnqMhJMqSJrtTGawCXsw+4GiFfC2imnbU7EPabFARzvtPvNp0sw=="
      },
      "bblanchon.PDFium.Win32": {
        "type": "Transitive",
        "resolved": "147.0.7690",
        "contentHash": "vPUlS9LklHm59lcBc9f6loggGgezogOoMdRYbUfTvum1Ndlr7u7KrAq3ZTuTdPF0ijHjhtfjNafZvyyTbmB4mg=="
      },
      "CommandLineParser": {
        "type": "Transitive",
        "resolved": "2.9.1",
        "contentHash": "OE0sl1/sQ37bjVsPKKtwQlWDgqaxWgtme3xZz7JssWUzg5JpMIyHgCTY9MVMxOg48fJ1AgGT3tgdH5m/kQ5xhA=="
      },
      "CommunityToolkit.Mvvm": {
        "type": "Transitive",
        "resolved": "8.4.2",
        "contentHash": "WadCzGEc2U+3e20avRLng4qNtt4zoOGWrdUISqJWrHe3/FSnrYjuM5Sb4yQb09LhkBXrrI4Zt3dLKgRMbItsrg=="
      },
      "ExCSS": {
        "type": "Transitive",
        "resolved": "4.3.1",
        "contentHash": "A8UtcghHQlWxPJhJF5bsfEYO7068JHGTuJ7tzyyMjd5fE/N/xY1cVOUhzuLLFwMOCJVnM4mqSQc93W9fGfZ1kA=="
      },
      "Fody": {
        "type": "Transitive",
        "resolved": "6.9.2",
        "contentHash": "YBHobPGogb0vYhGYIxn/ndWqTjNWZveDi5jdjrcshL2vjwU3gQGyDeI7vGgye+2rAM5fGRvlLgNWLW3DpviS/w=="
      },
      "FuzzySharp": {
        "type": "Transitive",
        "resolved": "2.0.2",
        "contentHash": "sBKqWxw3g//peYxDZ8JipRlyPbIyBtgzqBVA5GqwHVeqtIrw75maGXAllztf+1aJhchD+drcQIgf2mFho8ZV8A=="
      },
      "HarfBuzzSharp": {
        "type": "Transitive",
        "resolved": "8.3.1.3",
        "contentHash": "NGZ2+ZVNPM+NdHB/asW0/ykWngyHWwcqjrbN2nDeH1B/aptPGlCUl8wkQ2cSJxw5fdWgdmIPmNuTPWpLwNVXWg==",
        "dependencies": {
          "HarfBuzzSharp.NativeAssets.Win32": "8.3.1.3",
          "HarfBuzzSharp.NativeAssets.macOS": "8.3.1.3"
        }
      },
      "HarfBuzzSharp.NativeAssets.Linux": {
        "type": "Transitive",
        "resolved": "8.3.1.3",
        "contentHash": "RI6A1LgmooU30+4QIyFt5rmBCzP0VzTR+587IJSGvYIsHHWlahFufihYxtraLfsIhW7I8dn6+xX+DZGygOPKWQ=="
      },
      "HarfBuzzSharp.NativeAssets.macOS": {
        "type": "Transitive",
        "resolved": "8.3.1.3",
        "contentHash": "KPTq0xnslkI6nAo0jh3ptcQPJvZZr7MWYXa2jUe4SnHc9q+JlHElmNXp0sfFoiTgoCX7WOYpYsurypuH9Gehxw=="
      },
      "HarfBuzzSharp.NativeAssets.WebAssembly": {
        "type": "Transitive",
        "resolved": "8.3.1.3",
        "contentHash": "w2QfdNm9Uz/sUa0B5D+OnVQhyq3G/fBq6ibQMdWBlQqqwh0g0/5j3RFvYqZAmRZ5+RzvjVe8o8SFFnWYUSkuxA=="
      },
      "HarfBuzzSharp.NativeAssets.Win32": {
        "type": "Transitive",
        "resolved": "8.3.1.3",
        "contentHash": "bx8CE8Js+XGX8PUxAHCBDEORt5aaBYtMN4Hr9QFs57Xithh6yjUyYqksizH6eRDhJkwsGI+SXWmPmMm8lZC9Pw=="
      },
      "HotAvalonia.Core": {
        "type": "Transitive",
        "resolved": "3.1.1",
        "contentHash": "aRXnEi7W2gED0PmoR36T6Wa4GlbkSNlt4AAs4Z8ywC4XA7MNgWyF29nQd3gpuCZ4yZzbaRL1sCXc/bZFEnqxng=="
      },
      "HotAvalonia.Extensions": {
        "type": "Transitive",
        "resolved": "3.1.1",
        "contentHash": "4E8A2JnAp4dD8586WJiTVYpjf597jQWRxtKt0BYfgowzGB9jOdmKFrf5Vgk89MIEcsUNjWhmx3ry8BaeKmnBwg=="
      },
      "HotAvalonia.Fody": {
        "type": "Transitive",
        "resolved": "3.1.1",
        "contentHash": "S6NNTvQlv4/vkM0US11DK2G4zxUDEz4JJbFnOXsb31/IJ91Pg1vQ3IUSATvS4rpk798BbUAvn0uKaDB5ziyntQ==",
        "dependencies": {
          "Fody": "6.9.2"
        }
      },
      "HtmlAgilityPack": {
        "type": "Transitive",
        "resolved": "1.12.4",
        "contentHash": "ljqvBabvFwKoLniuoQKO8b5bJfJweKLs4fUNS/V5dsvpo0A8MlJqxxn9XVmP2DaskbUXty6IYaWAi1SArGIMeQ=="
      },
      "log4net": {
        "type": "Transitive",
        "resolved": "3.3.1",
        "contentHash": "fgQ8XkqF0r4/CRfAq8xZqlPrG0/9n4rJAa1HlFGQMXtCAxbbLzXyuXCbu65NUbcKzQ9KDYr4239NNqipVRCv6A==",
        "dependencies": {
          "System.Configuration.ConfigurationManager": "4.5.0"
        }
      },
      "Magick.NET-Q8-AnyCPU": {
        "type": "Transitive",
        "resolved": "14.13.1",
        "contentHash": "Naw4lYw9Mv+Tnd67H2Un+joZsZTWmbo7A4kycoosM6JnclMXb+ZNRbCqgvMRA6wAEJfybFDiP5NauLgL4xkyXA==",
        "dependencies": {
          "Magick.NET.Core": "14.13.1"
        }
      },
      "Magick.NET.AvaloniaMediaImaging": {
        "type": "Transitive",
        "resolved": "1.1.11",
        "contentHash": "ohntab72xpG4dXVSap8Nq3Z+V9pjf9rLLsoFli6qKBPJiNrS6OPduen1WHd4A5dHHsWLjURQIxsLYqrI9vUKMQ==",
        "dependencies": {
          "Avalonia": "11.3.12",
          "Magick.NET.Core": "14.13.1"
        }
      },
      "Magick.NET.Core": {
        "type": "Transitive",
        "resolved": "14.13.1",
        "contentHash": "BhqOKCLixvj/Ofwe+aRPHqoGdWekvKavsQrivBSuUq0zzzijnIF/OxqVA+GCd6WP46C4PaIfGhR65BPi2M0cKg=="
      },
      "Magick.NET.SystemDrawing": {
        "type": "Transitive",
        "resolved": "8.0.22",
        "contentHash": "99K70KfsGvk6PpAsCbLy2DvXTdKovFYgxGq48fFiUMrocUOy2x5mTFkLkr92IYEbrEL90UjN8S6ucfUppGhZ6Q==",
        "dependencies": {
          "Magick.NET.Core": "14.13.1",
          "System.Drawing.Common": "8.0.22"
        }
      },
      "Material.Icons": {
        "type": "Transitive",
        "resolved": "3.0.2",
        "contentHash": "vzeJjXu0PWJSZDCG0lL8+xx4Zf3i+iKOmu4GjGXtgAex22JPKDOaYPUU77Fd21LEsKrkrAQ1cZ61mrHPX1Elsg=="
      },
      "Material.Icons.Avalonia": {
        "type": "Transitive",
        "resolved": "3.0.2",
        "contentHash": "zXUS04QfxgSv0oMbsIf+6fZqcQbyh3L920Ucif8UHLaaFRK9E5R80ixUPnBpFRwGNe4sTDNhUS2Ti1T1wT3g5A==",
        "dependencies": {
          "Avalonia": "12.0.0",
          "Material.Icons": "3.0.2"
        }
      },
      "MicroCom.Runtime": {
        "type": "Transitive",
        "resolved": "0.11.4",
        "contentHash": "yZ8+Lgwo+KtRI29TB2mIOEMzV+csMJ+pKZg4YHReAP3vRewWLKKeYfrBDo5FS69rWnEbCfU3sbM+ZEQr+GDLtg=="
      },
      "Microsoft.Extensions.Configuration": {
        "type": "Transitive",
        "resolved": "10.0.8",
        "contentHash": "ehZcoPbjzWzS4XFvuz7R3V55SmpdkyMqFURLH3yXaN9NtXd9tR6CGB7pd49HYtCkenl+G7ctXSFLhNI08xLfRg==",
        "dependencies": {
          "Microsoft.Extensions.Configuration.Abstractions": "10.0.8",
          "Microsoft.Extensions.Primitives": "10.0.8"
        }
      },
      "Microsoft.Extensions.Configuration.Abstractions": {
        "type": "Transitive",
        "resolved": "10.0.8",
        "contentHash": "I63esIFbL3h5pSt7gXpXOlmcwDmYBUoYNEglKfDPFUqtYvSV84f2l28hO2lfVXsV0wdlplgAM7IVz16matapSg==",
        "dependencies": {
          "Microsoft.Extensions.Primitives": "10.0.8"
        }
      },
      "Microsoft.Extensions.Configuration.Binder": {
        "type": "Transitive",
        "resolved": "10.0.8",
        "contentHash": "R3NN1X+kVu14uoxLEW6sBSQyhogDSbaOQzILnCtuXxBN4hx22AgjWPwZX6v/suERFkEDgU1lk12AglHTrUxhlw==",
        "dependencies": {
          "Microsoft.Extensions.Configuration": "10.0.8",
          "Microsoft.Extensions.Configuration.Abstractions": "10.0.8"
        }
      },
      "Microsoft.Extensions.DependencyInjection": {
        "type": "Transitive",
        "resolved": "10.0.8",
        "contentHash": "daf62xHIrq8pnE709hgaZZN9tSam9TGGepWe1+bE6V3GEuVwJiMs6ib+38lfMCyAJAHiX0vapxBhsuMSV7U+cg==",
        "dependencies": {
          "Microsoft.Extensions.DependencyInjection.Abstractions": "10.0.8"
        }
      },
      "Microsoft.Extensions.DependencyInjection.Abstractions": {
        "type": "Transitive",
        "resolved": "10.0.8",
        "contentHash": "21nbDV60SRPWGIivsyl6lqBeEJNG1sginhhfWgRrr3Ais7aQ12To25OAHQxgoiJkjqy1aQ6RxpZBGYuTi7Ge6A=="
      },
      "Microsoft.Extensions.Diagnostics": {
        "type": "Transitive",
        "resolved": "10.0.8",
        "contentHash": "uduyw9d3Fi+sbredO5drA1S44AQS2FRNFyn72UmB2vmQIO1qaXprpp1U/2lYhYi8yFdVERfY9sy/pxw/qPOU9w==",
        "dependencies": {
          "Microsoft.Extensions.Configuration": "10.0.8",
          "Microsoft.Extensions.Diagnostics.Abstractions": "10.0.8",
          "Microsoft.Extensions.Options.ConfigurationExtensions": "10.0.8"
        }
      },
      "Microsoft.Extensions.Diagnostics.Abstractions": {
        "type": "Transitive",
        "resolved": "10.0.8",
        "contentHash": "+f4C5g78QCGNyxzUfrTYsB7qYx06Zca0e88s3qFlea9/lQhgPImYdNprlgzl1uHhRU3fVHLfmbijayU2sJEZ6w==",
        "dependencies": {
          "Microsoft.Extensions.DependencyInjection.Abstractions": "10.0.8",
          "Microsoft.Extensions.Options": "10.0.8"
        }
      },
      "Microsoft.Extensions.FileSystemGlobbing": {
        "type": "Transitive",
        "resolved": "10.0.8",
        "contentHash": "IUQet3SY51xIFcFZKtAB6a54/Zdxs7T3SQ84kJtOD6yeXfZgiOMksACWD5qtTmXGQGFH4QYGBOT0KIO8Uy/dJw=="
      },
      "Microsoft.Extensions.Http": {
        "type": "Transitive",
        "resolved": "10.0.8",
        "contentHash": "/9LU/KWJOrtZJB9ymPjcARDyjp679BvBA/aSncv2Kt84WlSKz767HtxHg8EFsu8n21BMLZi+5XxlkKbLwfn4iA==",
        "dependencies": {
          "Microsoft.Extensions.Configuration.Abstractions": "10.0.8",
          "Microsoft.Extensions.DependencyInjection.Abstractions": "10.0.8",
          "Microsoft.Extensions.Diagnostics": "10.0.8",
          "Microsoft.Extensions.Logging": "10.0.8",
          "Microsoft.Extensions.Logging.Abstractions": "10.0.8",
          "Microsoft.Extensions.Options": "10.0.8"
        }
      },
      "Microsoft.Extensions.Logging": {
        "type": "Transitive",
        "resolved": "10.0.8",
        "contentHash": "K60JhWC2hN/Gi7TP68tBxSzk5ACWOs7lkmPzsfA8Bcf/IXTajujt2ORMf9rSMk1bsng6Lv4Y3fuxp3bm1+15ug==",
        "dependencies": {
          "Microsoft.Extensions.DependencyInjection": "10.0.8",
          "Microsoft.Extensions.Logging.Abstractions": "10.0.8",
          "Microsoft.Extensions.Options": "10.0.8"
        }
      },
      "Microsoft.Extensions.Logging.Abstractions": {
        "type": "Transitive",
        "resolved": "10.0.8",
        "contentHash": "fdVadZmsC8jRP0KvKy8mO8f6GV/HyBvElfcSxEhd+5FM5boAw/01iSaCto5G3G37ApJira4A3pNaVvBv8cUiLQ==",
        "dependencies": {
          "Microsoft.Extensions.DependencyInjection.Abstractions": "10.0.8"
        }
      },
      "Microsoft.Extensions.Options": {
        "type": "Transitive",
        "resolved": "10.0.8",
        "contentHash": "VBD+131DpTNCNDfA4kIyKTiCySvJGNhwibdWBSdFRu7GMfXLXcXODkgA+KStKbbhzraLglZWUN4nXyHgW4JIRA==",
        "dependencies": {
          "Microsoft.Extensions.DependencyInjection.Abstractions": "10.0.8",
          "Microsoft.Extensions.Primitives": "10.0.8"
        }
      },
      "Microsoft.Extensions.Options.ConfigurationExtensions": {
        "type": "Transitive",
        "resolved": "10.0.8",
        "contentHash": "VOapXeO3lhBH0zYoyAH7tjapuo4V5pTHlevPpiSHueEquAajqd5nF0mttm+h/uE/exwAEuM5s26SzOJtletE3w==",
        "dependencies": {
          "Microsoft.Extensions.Configuration.Abstractions": "10.0.8",
          "Microsoft.Extensions.Configuration.Binder": "10.0.8",
          "Microsoft.Extensions.DependencyInjection.Abstractions": "10.0.8",
          "Microsoft.Extensions.Options": "10.0.8",
          "Microsoft.Extensions.Primitives": "10.0.8"
        }
      },
      "Microsoft.Extensions.Primitives": {
        "type": "Transitive",
        "resolved": "10.0.8",
        "contentHash": "OBPo4nYhMyIbtueoC10CBm6AGAbo/A9IV8QQ/6ryZS7VvmqpGT7hunazeHLxFawRzn3oLOq4jhqhpBX4tfswWQ=="
      },
      "Microsoft.IO.RecyclableMemoryStream": {
        "type": "Transitive",
        "resolved": "3.0.1",
        "contentHash": "s/s20YTVY9r9TPfTrN5g8zPF1YhwxyqO6PxUkrYTGI2B+OGPe9AdajWZrLhFqXIvqIW23fnUE4+ztrUWNU1+9g=="
      },
      "Microsoft.Win32.SystemEvents": {
        "type": "Transitive",
        "resolved": "8.0.0",
        "contentHash": "9opKRyOKMCi2xJ7Bj7kxtZ1r9vbzosMvRrdEhVhDz8j8MoBGgB+WmC94yH839NPH+BclAjtQ/pyagvi/8gDLkw=="
      },
      "NuGet.Versioning": {
        "type": "Transitive",
        "resolved": "7.6.0",
        "contentHash": "TpZxfOoQBQk/0r/2uc1A1qNYIKHkJGgOrWP+ax3nsNAUN/1BOQMDrgmGADogSA4hOXH1ZJiyeYg4Ca+vUW0sEg=="
      },
      "PdfPig": {
        "type": "Transitive",
        "resolved": "0.1.14",
        "contentHash": "V2Anq0Yvyn3bGGG8WCQxqEAshG0KHIehB0QOotCz14vTkEk1PR3ErPOSmbnEsyOewhdF3G5XpQHywK2L50Xu+A=="
      },
      "PDFtoImage": {
        "type": "Transitive",
        "resolved": "5.2.1",
        "contentHash": "tqCcLRuEc517UJeKy+gHmhjtLcvpE9/UXWgDtU8t4GR+2NQx0SimBDVKkFxGsLlMUHEHuy58dlyfXlo5Sf1jjw==",
        "dependencies": {
          "SkiaSharp": "3.119.2",
          "SkiaSharp.NativeAssets.Linux.NoDependencies": "3.119.2",
          "SkiaSharp.NativeAssets.Win32": "3.119.2",
          "SkiaSharp.NativeAssets.macOS": "3.119.2",
          "bblanchon.PDFium.Linux": "147.0.7690",
          "bblanchon.PDFium.Win32": "147.0.7690",
          "bblanchon.PDFium.macOS": "147.0.7690"
        }
      },
      "Selenium.Support": {
        "type": "Transitive",
        "resolved": "4.44.0",
        "contentHash": "Kk+IY+uFT2just/66TiIwRu7J3OE/7BMXOEYaIangB9jU2etr5L8GMggSF9jOprmclkH9Hg19RWyLjdnlIgrzw==",
        "dependencies": {
          "Selenium.WebDriver": "4.44.0"
        }
      },
      "Selenium.WebDriver": {
        "type": "Transitive",
        "resolved": "4.44.0",
        "contentHash": "T6SO7JDdCCbyCU008v2+Zl9e3dUM4VgUXrtSgFjILm9Ceifoh3jvV0rkFhbALOPFMvxJhuje3zCqX43jk6Ueaw=="
      },
      "SharpCompress": {
        "type": "Transitive",
        "resolved": "0.49.1",
        "contentHash": "Meygd8HAnUgqYzxvCsaYR5XnZAG2xBmxkQHVGi/HkCjrvEq+tiM+VPQRvYLxsbse3KUmec65ccdMiOXv8CkjsA=="
      },
      "ShimSkiaSharp": {
        "type": "Transitive",
        "resolved": "5.0.0",
        "contentHash": "JLNnt0QME9zcqJMdxdNRLkXVwUSgJdzVykHO+GsXc8OQj8dBpziLp+Pwezye0z4MiduXgsJHlMWl1ci6+79JDA=="
      },
      "SkiaSharp": {
        "type": "Transitive",
        "resolved": "3.119.4",
        "contentHash": "53NOSUZ1Us+91Sm0uCkIivh/k7jOowRErZT2sIWwPFN9mLUvdxnE6rS4sWo4255+Rd2MWUSF+j0NMZHD6Cke+Q==",
        "dependencies": {
          "SkiaSharp.NativeAssets.Win32": "3.119.4",
          "SkiaSharp.NativeAssets.macOS": "3.119.4"
        }
      },
      "SkiaSharp.NativeAssets.Linux": {
        "type": "Transitive",
        "resolved": "3.119.4",
        "contentHash": "UAyVzbqNfZsZbKbzj68zXLyUyF/SbTKmzTfOO6qDu++dtIUMMTzPBe8oOuzU/DiewpfKoUUlOSsJmqWc6blxBw=="
      },
      "SkiaSharp.NativeAssets.Linux.NoDependencies": {
        "type": "Transitive",
        "resolved": "3.119.2",
        "contentHash": "1rmveKZ8Cz7k4QJQdtKV6RFXYIEqYBiX450Bm0Bk41EE50MMPUyF81cRnASsuV0qCwdZuzjZTaFvoqS0Q2zVfA=="
      },
      "SkiaSharp.NativeAssets.macOS": {
        "type": "Transitive",
        "resolved": "3.119.4",
        "contentHash": "fgBOWEqbY012x7gMfJU4ezgz6dfhJb30Z6YdW35h85Zoe39+a8YNbAAwL29ihPfWoppg5AjvyKNzD1oCvlqWwA=="
      },
      "SkiaSharp.NativeAssets.WebAssembly": {
        "type": "Transitive",
        "resolved": "3.119.4",
        "contentHash": "S1HOxtBbD4bYDtA2e9WH5TX+lxqRrTPvKjrjttRhxnHNNu7YY8VFo/LeCP7tNqoTA6PV+8vsvNbmRUEC2ip8RQ=="
      },
      "SkiaSharp.NativeAssets.Win32": {
        "type": "Transitive",
        "resolved": "3.119.4",
        "contentHash": "XOpbx/4CReO2wYsq2s6rbvdauc6dntG4Zv499sHGTJ87bwZaFXszFkwql3+FIZMc8kUPeaj3Mx2ezIJmo8a1Kg=="
      },
      "Svg.Animation": {
        "type": "Transitive",
        "resolved": "5.0.0",
        "contentHash": "17UFfTLEoLDuam4lyyCAz9ta6BFBoJzFoBkv1sWVtFO8MTNom3qleyMGDDhGJ8nTNoQDj9hElUpQUJXHNsDAfw==",
        "dependencies": {
          "ShimSkiaSharp": "5.0.0",
          "SkiaSharp": "3.119.2",
          "Svg.Custom": "5.0.0",
          "Svg.Model": "5.0.0"
        }
      },
      "Svg.Controls.Skia.Avalonia": {
        "type": "Transitive",
        "resolved": "12.0.0.11",
        "contentHash": "5KX6xir74WzlNo2G+oun/0j5F6LOWZF0YDkA5uXCXxUmX+lHYmtYWc03JaYLrwazQmkPTjWaLKIzGkv3OXsgVg==",
        "dependencies": {
          "Avalonia.Skia": "12.0.0",
          "Svg.Skia": "5.0.0"
        }
      },
      "Svg.Custom": {
        "type": "Transitive",
        "resolved": "5.0.0",
        "contentHash": "LQ79IO0dEp1e5KIkcKi87DDB2lm9g+wzHIYI0ARM+yXOpW7/9bnEXBUNAGNSnxhUpUIAxxUe5K+XU/sb9Nes/A==",
        "dependencies": {
          "ExCSS": "4.3.1"
        }
      },
      "Svg.Model": {
        "type": "Transitive",
        "resolved": "5.0.0",
        "contentHash": "uNih9t+4XOw0ssLm7S8rSuSXFzhhOgYimRXD9bYG50+s1rnrRwHU0IybKbA/xO2pl+/Z/NddJHIdYpZfd23kWw==",
        "dependencies": {
          "ShimSkiaSharp": "5.0.0",
          "Svg.Custom": "5.0.0"
        }
      },
      "Svg.SceneGraph": {
        "type": "Transitive",
        "resolved": "5.0.0",
        "contentHash": "/erVvnLb27MRunTzm7trAbMj5Z8InhbHM5k5K+sraFMVeMq9e0pNOomKhzoCgsjnAzVBYq6G8v3AkcL7eM5Gpg==",
        "dependencies": {
          "ShimSkiaSharp": "5.0.0",
          "Svg.Custom": "5.0.0",
          "Svg.Model": "5.0.0"
        }
      },
      "Svg.Skia": {
        "type": "Transitive",
        "resolved": "5.0.0",
        "contentHash": "O5UGxW7Ci5a0GhJ2rDo8RF4BY/pMG5k3/cSimJmZFcAAgRf7xhTnGSuDyA9EqfFEwIaVHJTJg6knIk0AaMJ1FQ==",
        "dependencies": {
          "HarfBuzzSharp": "8.3.1.3",
          "HarfBuzzSharp.NativeAssets.Linux": "8.3.1.3",
          "HarfBuzzSharp.NativeAssets.Win32": "8.3.1.3",
          "HarfBuzzSharp.NativeAssets.macOS": "8.3.1.3",
          "SkiaSharp": "3.119.2",
          "Svg.Animation": "5.0.0",
          "Svg.Custom": "5.0.0",
          "Svg.Model": "5.0.0",
          "Svg.SceneGraph": "5.0.0"
        }
      },
      "System.Configuration.ConfigurationManager": {
        "type": "Transitive",
        "resolved": "4.5.0",
        "contentHash": "UIFvaFfuKhLr9u5tWMxmVoDPkFeD+Qv8gUuap4aZgVGYSYMdERck4OhLN/2gulAc0nYTEigWXSJNNWshrmxnng==",
        "dependencies": {
          "System.Security.Cryptography.ProtectedData": "4.5.0",
          "System.Security.Permissions": "4.5.0"
        }
      },
      "System.Drawing.Common": {
        "type": "Transitive",
        "resolved": "8.0.22",
        "contentHash": "Bfqx9udaTLSyH3Icb0EjFvewfrZ/hbvKTmOlDsAVtXlheSZGz3+8yljqLRH5wm0hj+IGsqXFwqDSlIMFUBQ32w==",
        "dependencies": {
          "Microsoft.Win32.SystemEvents": "8.0.0"
        }
      },
      "System.Security.Cryptography.ProtectedData": {
        "type": "Transitive",
        "resolved": "4.5.0",
        "contentHash": "wLBKzFnDCxP12VL9ANydSYhk59fC4cvOr9ypYQLPnAj48NQIhqnjdD2yhP8yEKyBJEjERWS9DisKL7rX5eU25Q=="
      },
      "System.Security.Permissions": {
        "type": "Transitive",
        "resolved": "4.5.0",
        "contentHash": "9gdyuARhUR7H+p5CjyUB/zPk7/Xut3wUSP8NJQB6iZr8L3XUXTMdoLeVAg9N4rqF8oIpE7MpdqHdDHQ7XgJe0g=="
      },
      "Tmds.DBus.Protocol": {
        "type": "Transitive",
        "resolved": "0.92.0",
        "contentHash": "h7IMakm0PF2jxiagoysoAjrzzLQ0UBdnSXQL5kb17YW0Fvyo12Tg96A99QkzwktWRrd7H+Uw9EzjasNLUfGYlA=="
      },
      "compass.apiclients": {
        "type": "Project",
        "dependencies": {
          "Autofac": "[9.1.0, )",
          "Autofac.Extensions.DependencyInjection": "[11.0.0, )",
          "Microsoft.Extensions.Http": "[10.0.8, )"
        }
      },
      "compass.common": {
        "type": "Project",
        "dependencies": {
          "Autofac.Extensions.DependencyInjection": "[11.0.0, )",
          "Avalonia.Fonts.Inter": "[12.0.4, )",
          "Avalonia.Labs.Gif": "[12.0.2, )",
          "Avalonia.Themes.Fluent": "[12.0.4, )",
          "COMPASS.ApiClients": "[2.0.0-alpha.1, )",
          "COMPASS.Infra": "[2.0.0-alpha.1, )",
          "COMPASS.Infra.Avalonia": "[2.0.0-alpha.1, )",
          "CommandLineParser": "[2.9.1, )",
          "HtmlAgilityPack": "[1.12.4, )",
          "Magick.NET-Q8-AnyCPU": "[14.13.1, )",
          "Magick.NET.AvaloniaMediaImaging": "[1.1.11, )",
          "Magick.NET.SystemDrawing": "[8.0.22, )",
          "Material.Icons.Avalonia": "[3.0.2, )",
          "Microsoft.Extensions.Http": "[10.0.8, )",
          "PDFtoImage": "[5.2.1, )",
          "PdfPig": "[0.1.14, )",
          "Selenium.Support": "[4.44.0, )",
          "Selenium.WebDriver": "[4.44.0, )",
          "SharpCompress": "[0.49.1, )",
          "Svg.Controls.Skia.Avalonia": "[12.0.0.11, )",
          "log4net": "[3.3.1, )"
        }
      },
      "compass.infra": {
        "type": "Project",
        "dependencies": {
          "Autofac": "[9.1.0, )",
          "CommunityToolkit.Mvvm": "[8.4.2, )",
          "FuzzySharp": "[2.0.2, )",
          "Microsoft.Extensions.FileSystemGlobbing": "[10.0.8, )",
          "NuGet.Versioning": "[7.6.0, )"
        }
      },
      "compass.infra.avalonia": {
        "type": "Project",
        "dependencies": {
          "Avalonia": "[12.0.4, )",
          "Avalonia.Controls.DataGrid": "[12.0.0, )",
          "AvaloniaUI.DiagnosticsSupport": "[2.2.2, )"
        }
      }
    },
    "net10.0/linux-x64": {
      "Avalonia.Angle.Windows.Natives": {
        "type": "Transitive",
        "resolved": "2.1.27548.20260419",
        "contentHash": "l17nI3XVDN3oMnpjf2pnmJg0YTwK4m6NLsn/itAjDMdObTFxN77D5F1M9sRMSfViSY3KKcse1ROczwgoWLJsnA=="
      },
      "Avalonia.Native": {
        "type": "Transitive",
        "resolved": "12.0.4",
        "contentHash": "N1Mxv+R9kQ9UDOybaQLNviDZ91k0RmY3m84Vj1gXsJcc+qMmGr0jvs0dBNcsvTHqkfY8gZC+u8CWdJUfLtRMAQ==",
        "dependencies": {
          "Avalonia": "12.0.4"
        }
      },
      "bblanchon.PDFium.Linux": {
        "type": "Transitive",
        "resolved": "147.0.7690",
        "contentHash": "VnH5sYEI1/gd1t0h3TQMsbGnicdYKfzfDjKBGfRX8MqjSFcWgHdFL1MGvyB7HBvQzZtDWspSn2qY6mehGRSw9g=="
      },
      "bblanchon.PDFium.macOS": {
        "type": "Transitive",
        "resolved": "147.0.7690",
        "contentHash": "P6b05GVUhbcfzO54W3rKTTWX/lac3CzZ+5TZnqMhJMqSJrtTGawCXsw+4GiFfC2imnbU7EPabFARzvtPvNp0sw=="
      },
      "bblanchon.PDFium.Win32": {
        "type": "Transitive",
        "resolved": "147.0.7690",
        "contentHash": "vPUlS9LklHm59lcBc9f6loggGgezogOoMdRYbUfTvum1Ndlr7u7KrAq3ZTuTdPF0ijHjhtfjNafZvyyTbmB4mg=="
      },
      "HarfBuzzSharp.NativeAssets.Linux": {
        "type": "Transitive",
        "resolved": "8.3.1.3",
        "contentHash": "RI6A1LgmooU30+4QIyFt5rmBCzP0VzTR+587IJSGvYIsHHWlahFufihYxtraLfsIhW7I8dn6+xX+DZGygOPKWQ=="
      },
      "HarfBuzzSharp.NativeAssets.macOS": {
        "type": "Transitive",
        "resolved": "8.3.1.3",
        "contentHash": "KPTq0xnslkI6nAo0jh3ptcQPJvZZr7MWYXa2jUe4SnHc9q+JlHElmNXp0sfFoiTgoCX7WOYpYsurypuH9Gehxw=="
      },
      "HarfBuzzSharp.NativeAssets.Win32": {
        "type": "Transitive",
        "resolved": "8.3.1.3",
        "contentHash": "bx8CE8Js+XGX8PUxAHCBDEORt5aaBYtMN4Hr9QFs57Xithh6yjUyYqksizH6eRDhJkwsGI+SXWmPmMm8lZC9Pw=="
      },
      "Magick.NET-Q8-AnyCPU": {
        "type": "Transitive",
        "resolved": "14.13.1",
        "contentHash": "Naw4lYw9Mv+Tnd67H2Un+joZsZTWmbo7A4kycoosM6JnclMXb+ZNRbCqgvMRA6wAEJfybFDiP5NauLgL4xkyXA==",
        "dependencies": {
          "Magick.NET.Core": "14.13.1"
        }
      },
      "Microsoft.Win32.SystemEvents": {
        "type": "Transitive",
        "resolved": "8.0.0",
        "contentHash": "9opKRyOKMCi2xJ7Bj7kxtZ1r9vbzosMvRrdEhVhDz8j8MoBGgB+WmC94yH839NPH+BclAjtQ/pyagvi/8gDLkw=="
      },
      "Selenium.WebDriver": {
        "type": "Transitive",
        "resolved": "4.44.0",
        "contentHash": "T6SO7JDdCCbyCU008v2+Zl9e3dUM4VgUXrtSgFjILm9Ceifoh3jvV0rkFhbALOPFMvxJhuje3zCqX43jk6Ueaw=="
      },
      "SkiaSharp.NativeAssets.Linux": {
        "type": "Transitive",
        "resolved": "3.119.4",
        "contentHash": "UAyVzbqNfZsZbKbzj68zXLyUyF/SbTKmzTfOO6qDu++dtIUMMTzPBe8oOuzU/DiewpfKoUUlOSsJmqWc6blxBw=="
      },
      "SkiaSharp.NativeAssets.Linux.NoDependencies": {
        "type": "Transitive",
        "resolved": "3.119.2",
        "contentHash": "1rmveKZ8Cz7k4QJQdtKV6RFXYIEqYBiX450Bm0Bk41EE50MMPUyF81cRnASsuV0qCwdZuzjZTaFvoqS0Q2zVfA=="
      },
      "SkiaSharp.NativeAssets.macOS": {
        "type": "Transitive",
        "resolved": "3.119.4",
        "contentHash": "fgBOWEqbY012x7gMfJU4ezgz6dfhJb30Z6YdW35h85Zoe39+a8YNbAAwL29ihPfWoppg5AjvyKNzD1oCvlqWwA=="
      },
      "SkiaSharp.NativeAssets.Win32": {
        "type": "Transitive",
        "resolved": "3.119.4",
        "contentHash": "XOpbx/4CReO2wYsq2s6rbvdauc6dntG4Zv499sHGTJ87bwZaFXszFkwql3+FIZMc8kUPeaj3Mx2ezIJmo8a1Kg=="
      },
      "System.Security.Cryptography.ProtectedData": {
        "type": "Transitive",
        "resolved": "4.5.0",
        "contentHash": "wLBKzFnDCxP12VL9ANydSYhk59fC4cvOr9ypYQLPnAj48NQIhqnjdD2yhP8yEKyBJEjERWS9DisKL7rX5eU25Q=="
      }
    }
  }
}