{
  "version": 1,
  "dependencies": {
    "net10.0": {
      "Avalonia.Desktop": {
        "type": "Direct",
        "requested": "[12.0.1, )",
        "resolved": "12.0.1",
        "contentHash": "jSjO026cA8IqgXszxlcdTkaOM60veMjFgA/D6eqEYLwtLvho/72hdzLeOj/qzgF+ZgEo40gmDKca2Se5VkqlNQ==",
        "dependencies": {
          "Avalonia": "12.0.1",
          "Avalonia.HarfBuzz": "12.0.1",
          "Avalonia.Native": "12.0.1",
          "Avalonia.Skia": "12.0.1",
          "Avalonia.Win32": "12.0.1",
          "Avalonia.X11": "12.0.1"
        }
      },
      "HotAvalonia": {
        "type": "Direct",
        "requested": "[3.1.0, )",
        "resolved": "3.1.0",
        "contentHash": "31ppkXIyD+PppUyZ0oqUjaP3I6fJDkl2w95EHGN22xxh/P54hNpEiwDsAT1KPKtUMJoGtxRE5EZcc04kia42Eg==",
        "dependencies": {
          "Avalonia.Markup.Xaml.Loader": "11.0.0",
          "HotAvalonia.Core": "3.1.0",
          "HotAvalonia.Extensions": "3.1.0",
          "HotAvalonia.Fody": "3.1.0"
        }
      },
      "Autofac": {
        "type": "Transitive",
        "resolved": "9.1.0",
        "contentHash": "onT/BcnnfWcQNXiuC7R/0h8ALQzRdsAI20gpB7nfrudXpFMXdVZKz1umdtHXDwjc/bmWEsrCBAxck3+Arnk15g=="
      },
      "Autofac.Extensions.DependencyInjection": {
        "type": "Transitive",
        "resolved": "11.0.0",
        "contentHash": "/FSrJyYEsptkV9O3L95dTAoGO6XGSQFDENWHFcHxW0oQIEvW56Mgr01qO53EIEIDDvMFqszBU+uIm9fzGARLPQ==",
        "dependencies": {
          "Autofac": "9.1.0",
          "Microsoft.Extensions.DependencyInjection.Abstractions": "10.0.4"
        }
      },
      "Avalonia": {
        "type": "Transitive",
        "resolved": "12.0.1",
        "contentHash": "4OK0u9EdD3ukqA3qTwwTQ7MnRMj+gzBgm/KmpbYRdRTd94OzcioTRnHrc5PJo94SfMEYKq2rfpO3nq9Jddet+w==",
        "dependencies": {
          "Avalonia.BuildServices": "11.3.2",
          "Avalonia.Remote.Protocol": "12.0.1",
          "MicroCom.Runtime": "0.11.4"
        }
      },
      "Avalonia.Angle.Windows.Natives": {
        "type": "Transitive",
        "resolved": "2.1.25547.20250602",
        "contentHash": "ZL0VLc4s9rvNNFt19Pxm5UNAkmKNylugAwJPX9ulXZ6JWs/l6XZihPWWTyezaoNOVyEPU8YbURtW7XMAtqXH5A=="
      },
      "Avalonia.BuildServices": {
        "type": "Transitive",
        "resolved": "11.3.2",
        "contentHash": "qHDToxto1e3hci5YqbG9n0Ty8mlp3zBUN5wT66wKqaDVzXyQ0do3EnRILd4Ke9jpvsktaPpgE0YjEk7hornryQ=="
      },
      "Avalonia.Controls.DataGrid": {
        "type": "Transitive",
        "resolved": "12.0.0",
        "contentHash": "pQ9NiviIoxbZ7fiD/KTdoEHRgdKibKtx8Low3nTrU6ZbvULtesuB65aLL/umjibsGMhzPOveqs/om98QAA5FMg==",
        "dependencies": {
          "Avalonia": "12.0.0"
        }
      },
      "Avalonia.Fonts.Inter": {
        "type": "Transitive",
        "resolved": "12.0.1",
        "contentHash": "Pm7Xb9fMpjM4i1cpUGtpDtxkMC/oVfijaT93cPl30LPUKPYPbpwm1jkrYwtWLtEr/xTgbUmxyZZvJd0cV9oF8g==",
        "dependencies": {
          "Avalonia": "12.0.1"
        }
      },
      "Avalonia.FreeDesktop": {
        "type": "Transitive",
        "resolved": "12.0.1",
        "contentHash": "BbYDbu3hEwv2stkLlCh8/+2Y94IjdyxQNj8wQVAiKton2yZEmnwYpBRfQ8v/q7I6BjIJing6dofZk8IG/i82/g==",
        "dependencies": {
          "Avalonia": "12.0.1",
          "Tmds.DBus.Protocol": "0.92.0"
        }
      },
      "Avalonia.FreeDesktop.AtSpi": {
        "type": "Transitive",
        "resolved": "12.0.1",
        "contentHash": "cswoLoW/QkCQ9X/CRUTscLYS1OgUSAf67N/7BucENwaNX+lQoTPOS4dd8aD+cQjcSPEctc9SH11D4dW1hPx5vw==",
        "dependencies": {
          "Avalonia": "12.0.1"
        }
      },
      "Avalonia.HarfBuzz": {
        "type": "Transitive",
        "resolved": "12.0.1",
        "contentHash": "17A+VIAeIGsYqZSK/ydYzZbbzatBDj2Ls8aF/ZVo6OdeN5W+J9eAQGhS1wPw/GIkGuOkRPBSVwicFXIFCDf/kA==",
        "dependencies": {
          "Avalonia": "12.0.1",
          "HarfBuzzSharp": "8.3.1.3",
          "HarfBuzzSharp.NativeAssets.Linux": "8.3.1.3",
          "HarfBuzzSharp.NativeAssets.WebAssembly": "8.3.1.3"
        }
      },
      "Avalonia.Labs.Gif": {
        "type": "Transitive",
        "resolved": "12.0.0",
        "contentHash": "qDZYLlu5dCMscrQ2HFWa1JD3tIRL6OndDiqfltxabdue/4u3MzqSiWljPgkMTxxixmMZsPc+xmotg3fLCP+TIA==",
        "dependencies": {
          "Avalonia": "12.0.0"
        }
      },
      "Avalonia.Markup.Xaml.Loader": {
        "type": "Transitive",
        "resolved": "11.0.0",
        "contentHash": "SDcf5qvleyTb0R24vzZBhFJV9ONlGz0ftOBRxXiSy7R6c513Rjnae0IImuUXSIj+Bmn8AjU6x9eDFRJO78pYVA==",
        "dependencies": {
          "Avalonia": "11.0.0"
        }
      },
      "Avalonia.Native": {
        "type": "Transitive",
        "resolved": "12.0.1",
        "contentHash": "RmMRxAMsZDbouQEZtayAR1JBhQ/CSYKpmjyQocAIjUtOWprifueBigr685VCt5TNJRGPPY0OZbDvD8aVpMNUbw==",
        "dependencies": {
          "Avalonia": "12.0.1"
        }
      },
      "Avalonia.Remote.Protocol": {
        "type": "Transitive",
        "resolved": "12.0.1",
        "contentHash": "8rqhNyde2I/JiW2TjQ8AkUoRclynr0e8yFXKB8VhehA07ejthx4Bnmt3k1DTSlpwTXbM0FRgYAtB1bTlUc6rgg=="
      },
      "Avalonia.Skia": {
        "type": "Transitive",
        "resolved": "12.0.1",
        "contentHash": "T850YAUgHpkRX4d3RkfH1ewabA2aLTgdGK+f4hyqeGhZlJYmMs6YjVps266wvr+MggAVUCZ601OLQd9KVfJb6g==",
        "dependencies": {
          "Avalonia": "12.0.1",
          "HarfBuzzSharp": "8.3.1.3",
          "HarfBuzzSharp.NativeAssets.Linux": "8.3.1.3",
          "HarfBuzzSharp.NativeAssets.WebAssembly": "8.3.1.3",
          "SkiaSharp": "3.119.3-preview.1.1",
          "SkiaSharp.NativeAssets.Linux": "3.119.3-preview.1.1",
          "SkiaSharp.NativeAssets.WebAssembly": "3.119.3-preview.1.1"
        }
      },
      "Avalonia.Themes.Fluent": {
        "type": "Transitive",
        "resolved": "12.0.1",
        "contentHash": "/vfTVnz0mZR91cDQn5dHKzngLV0OfCZ0i/uT01uxKu6jqyaPbRwpO68d07N0d6ll6hnvdfySfP4lDY7JWtqr4A==",
        "dependencies": {
          "Avalonia": "12.0.1"
        }
      },
      "Avalonia.Win32": {
        "type": "Transitive",
        "resolved": "12.0.1",
        "contentHash": "7ETmt7DUlpmGiGRP923B+O8T+I5xjA9yYlUROMAa5Om/IfMutUndj2GOd6RGYw2O9yMgEKJuU0sIumqfB9lAFg==",
        "dependencies": {
          "Avalonia": "12.0.1",
          "Avalonia.Angle.Windows.Natives": "2.1.25547.20250602"
        }
      },
      "Avalonia.X11": {
        "type": "Transitive",
        "resolved": "12.0.1",
        "contentHash": "8YipKW4Icadwv3og4Fyf2Gj1ISHDjVRy/2qUgWkJTYK9/pXvB0zVsHv96ktWM7CIlpCq1VHkSrrVhnpeQUcXEw==",
        "dependencies": {
          "Avalonia": "12.0.1",
          "Avalonia.FreeDesktop": "12.0.1",
          "Avalonia.FreeDesktop.AtSpi": "12.0.1",
          "Avalonia.Skia": "12.0.1"
        }
      },
      "AvaloniaUI.DiagnosticsSupport": {
        "type": "Transitive",
        "resolved": "2.2.1",
        "contentHash": "PXviRj+8t6IT7JdnVhs1EET+VgGB/K1Ju3yL/Q9sXR2YD9NzkIYybyfJG3DPXcTYXpEJZJvxGiCTjH1N8AkLhQ==",
        "dependencies": {
          "Microsoft.Extensions.Logging.Abstractions": "8.0.0",
          "Microsoft.IO.RecyclableMemoryStream": "3.0.1"
        }
      },
      "bblanchon.PDFium.Linux": {
        "type": "Transitive",
        "resolved": "147.0.7690",
        "contentHash": "VnH5sYEI1/gd1t0h3TQMsbGnicdYKfzfDjKBGfRX8MqjSFcWgHdFL1MGvyB7HBvQzZtDWspSn2qY6mehGRSw9g=="
      },
      "bblanchon.PDFium.macOS": {
        "type": "Transitive",
        "resolved": "147.0.7690",
        "contentHash": "P6b05GVUhbcfzO54W3rKTTWX/lac3CzZ+5TZnqMhJMqSJrtTGawCXsw+4GiFfC2imnbU7EPabFARzvtPvNp0sw=="
      },
      "bblanchon.PDFium.Win32": {
        "type": "Transitive",
        "resolved": "147.0.7690",
        "contentHash": "vPUlS9LklHm59lcBc9f6loggGgezogOoMdRYbUfTvum1Ndlr7u7KrAq3ZTuTdPF0ijHjhtfjNafZvyyTbmB4mg=="
      },
      "BouncyCastle.Cryptography": {
        "type": "Transitive",
        "resolved": "2.6.2",
        "contentHash": "7oWOcvnntmMKNzDLsdxAYqApt+AjpRpP2CShjMfIa3umZ42UQMvH0tl1qAliYPNYO6vTdcGMqnRrCPmsfzTI1w=="
      },
      "CommandLineParser": {
        "type": "Transitive",
        "resolved": "2.9.1",
        "contentHash": "OE0sl1/sQ37bjVsPKKtwQlWDgqaxWgtme3xZz7JssWUzg5JpMIyHgCTY9MVMxOg48fJ1AgGT3tgdH5m/kQ5xhA=="
      },
      "CommunityToolkit.Mvvm": {
        "type": "Transitive",
        "resolved": "8.4.2",
        "contentHash": "WadCzGEc2U+3e20avRLng4qNtt4zoOGWrdUISqJWrHe3/FSnrYjuM5Sb4yQb09LhkBXrrI4Zt3dLKgRMbItsrg=="
      },
      "DotNetSeleniumExtras.WaitHelpers": {
        "type": "Transitive",
        "resolved": "3.11.0",
        "contentHash": "xc6jVVl5ymgk3ZNWnC/KHxkEup1QpnwYbrwF+NQoCOGERsD8YMlLwmsX4lGhLXCLo/YQTRTIwlKCN9E/doGUNg==",
        "dependencies": {
          "Selenium.WebDriver": "3.10.0"
        }
      },
      "ExCSS": {
        "type": "Transitive",
        "resolved": "4.3.1",
        "contentHash": "A8UtcghHQlWxPJhJF5bsfEYO7068JHGTuJ7tzyyMjd5fE/N/xY1cVOUhzuLLFwMOCJVnM4mqSQc93W9fGfZ1kA=="
      },
      "Fody": {
        "type": "Transitive",
        "resolved": "6.9.2",
        "contentHash": "YBHobPGogb0vYhGYIxn/ndWqTjNWZveDi5jdjrcshL2vjwU3gQGyDeI7vGgye+2rAM5fGRvlLgNWLW3DpviS/w=="
      },
      "FuzzySharp": {
        "type": "Transitive",
        "resolved": "2.0.2",
        "contentHash": "sBKqWxw3g//peYxDZ8JipRlyPbIyBtgzqBVA5GqwHVeqtIrw75maGXAllztf+1aJhchD+drcQIgf2mFho8ZV8A=="
      },
      "HarfBuzzSharp": {
        "type": "Transitive",
        "resolved": "8.3.1.3",
        "contentHash": "NGZ2+ZVNPM+NdHB/asW0/ykWngyHWwcqjrbN2nDeH1B/aptPGlCUl8wkQ2cSJxw5fdWgdmIPmNuTPWpLwNVXWg==",
        "dependencies": {
          "HarfBuzzSharp.NativeAssets.Win32": "8.3.1.3",
          "HarfBuzzSharp.NativeAssets.macOS": "8.3.1.3"
        }
      },
      "HarfBuzzSharp.NativeAssets.Linux": {
        "type": "Transitive",
        "resolved": "8.3.1.3",
        "contentHash": "RI6A1LgmooU30+4QIyFt5rmBCzP0VzTR+587IJSGvYIsHHWlahFufihYxtraLfsIhW7I8dn6+xX+DZGygOPKWQ=="
      },
      "HarfBuzzSharp.NativeAssets.macOS": {
        "type": "Transitive",
        "resolved": "8.3.1.3",
        "contentHash": "KPTq0xnslkI6nAo0jh3ptcQPJvZZr7MWYXa2jUe4SnHc9q+JlHElmNXp0sfFoiTgoCX7WOYpYsurypuH9Gehxw=="
      },
      "HarfBuzzSharp.NativeAssets.WebAssembly": {
        "type": "Transitive",
        "resolved": "8.3.1.3",
        "contentHash": "w2QfdNm9Uz/sUa0B5D+OnVQhyq3G/fBq6ibQMdWBlQqqwh0g0/5j3RFvYqZAmRZ5+RzvjVe8o8SFFnWYUSkuxA=="
      },
      "HarfBuzzSharp.NativeAssets.Win32": {
        "type": "Transitive",
        "resolved": "8.3.1.3",
        "contentHash": "bx8CE8Js+XGX8PUxAHCBDEORt5aaBYtMN4Hr9QFs57Xithh6yjUyYqksizH6eRDhJkwsGI+SXWmPmMm8lZC9Pw=="
      },
      "HotAvalonia.Core": {
        "type": "Transitive",
        "resolved": "3.1.0",
        "contentHash": "E4Q+Wm7kp5XyEWRLshRcoxgHShyMO3J8QcdoyDZfXMukuR+9FqXnEFrcStn2igDo/TIo/6wVOMNbv8Cu4FI5hg=="
      },
      "HotAvalonia.Extensions": {
        "type": "Transitive",
        "resolved": "3.1.0",
        "contentHash": "RhDF4CFDHZi5GKBFJLw2mLwh0TieKO/JlJa8yohnK0dhh5B8gEr3b512zlDUXpQKZIVvTPRwNm4CwgczlxH37A=="
      },
      "HotAvalonia.Fody": {
        "type": "Transitive",
        "resolved": "3.1.0",
        "contentHash": "xmbLwsK+SQOZcFFGeXcjkWBddVZ1Cql4oOJkO7/mcDiCO/kjY7UeP0+hsnXICfiBfiFGNh1XYiwbAZiONWL5kw==",
        "dependencies": {
          "Fody": "6.9.2"
        }
      },
      "HtmlAgilityPack": {
        "type": "Transitive",
        "resolved": "1.12.4",
        "contentHash": "ljqvBabvFwKoLniuoQKO8b5bJfJweKLs4fUNS/V5dsvpo0A8MlJqxxn9XVmP2DaskbUXty6IYaWAi1SArGIMeQ=="
      },
      "itext": {
        "type": "Transitive",
        "resolved": "9.6.0",
        "contentHash": "Zs+t9M5gSux6eAd/5PqKU0YDFuxhXFSCx9mDqCEe3Uaz+1EajmNdNJDEi+cVK1KdN4vCNCoBe6cU0NV5ZNSvcw==",
        "dependencies": {
          "Microsoft.DotNet.PlatformAbstractions": "1.1.0",
          "Microsoft.Extensions.DependencyModel": "10.0.2",
          "Microsoft.Extensions.Logging": "5.0.0",
          "System.Security.Cryptography.Xml": "6.0.2",
          "itext.commons": "9.6.0"
        }
      },
      "itext.bouncy-castle-adapter": {
        "type": "Transitive",
        "resolved": "9.6.0",
        "contentHash": "3qEURrZV1hP16WVE9Qng2C73/FmfBbLB6hloA38LhfNNpILEZMhi6yNjYJfc2ORBWDmL1S6ZrhhIbc4lsObHig==",
        "dependencies": {
          "BouncyCastle.Cryptography": "2.6.2",
          "itext.commons": "9.6.0"
        }
      },
      "itext.commons": {
        "type": "Transitive",
        "resolved": "9.6.0",
        "contentHash": "tnq8J28uLNQ5Fsc6e40/gKziXT7eD1nWTQ7IO50HPFraWx+dRlbd9iSiT97XJPgaIi+BRAenACUG8ODU7cZuiw==",
        "dependencies": {
          "Microsoft.Extensions.Logging": "5.0.0"
        }
      },
      "log4net": {
        "type": "Transitive",
        "resolved": "3.3.0",
        "contentHash": "wtZ7K4XGWDxeQqHbUybwIug/3AAzhKcmroLf4ENfE5GsaDIMqT3GLX24f18XPFY8Qg9vaxfMSAODwWAXqkjI/Q==",
        "dependencies": {
          "System.Configuration.ConfigurationManager": "4.5.0"
        }
      },
      "Magick.NET-Q8-AnyCPU": {
        "type": "Transitive",
        "resolved": "14.12.0",
        "contentHash": "YGEgNTZ6DaMhXgJYLClRrmEe6CMsEL5E8hy4c2iH/aEmj41ojFAtA/PIXYH1AOYINNEUX/83nLp/y5obt9P/vw==",
        "dependencies": {
          "Magick.NET.Core": "14.12.0"
        }
      },
      "Magick.NET.AvaloniaMediaImaging": {
        "type": "Transitive",
        "resolved": "1.1.9",
        "contentHash": "EJl1WZU00R2JMwDUxcQXYpSjRfuGjXe/199JCUIZZTsEC6cYqOBQHYQ9neJfw9+k/1/LU8ZXJAM6GZL9fmf3ig==",
        "dependencies": {
          "Avalonia": "11.3.10",
          "Magick.NET.Core": "14.10.1"
        }
      },
      "Magick.NET.Core": {
        "type": "Transitive",
        "resolved": "14.12.0",
        "contentHash": "QPyuk1Lxp1xgSTP8xomnoZjeOtUeTSoeSuEckhGaUAi6GdZ5d2PmZqzr0O4m/zPbC4So/yg5rr2QO4vYD6fB5g=="
      },
      "Magick.NET.SystemDrawing": {
        "type": "Transitive",
        "resolved": "8.0.20",
        "contentHash": "W527mtb/ztmsW3gmdZHWZyAthvZgndE9VukxfcGROiLEHtMuWjpifKutmrwsm/uCDvkdgPgbEKsy3ytUTxOBNg==",
        "dependencies": {
          "Magick.NET.Core": "14.12.0",
          "System.Drawing.Common": "8.0.22"
        }
      },
      "Material.Icons": {
        "type": "Transitive",
        "resolved": "3.0.2",
        "contentHash": "vzeJjXu0PWJSZDCG0lL8+xx4Zf3i+iKOmu4GjGXtgAex22JPKDOaYPUU77Fd21LEsKrkrAQ1cZ61mrHPX1Elsg=="
      },
      "Material.Icons.Avalonia": {
        "type": "Transitive",
        "resolved": "3.0.2",
        "contentHash": "zXUS04QfxgSv0oMbsIf+6fZqcQbyh3L920Ucif8UHLaaFRK9E5R80ixUPnBpFRwGNe4sTDNhUS2Ti1T1wT3g5A==",
        "dependencies": {
          "Avalonia": "12.0.0",
          "Material.Icons": "3.0.2"
        }
      },
      "MicroCom.Runtime": {
        "type": "Transitive",
        "resolved": "0.11.4",
        "contentHash": "yZ8+Lgwo+KtRI29TB2mIOEMzV+csMJ+pKZg4YHReAP3vRewWLKKeYfrBDo5FS69rWnEbCfU3sbM+ZEQr+GDLtg=="
      },
      "Microsoft.DotNet.PlatformAbstractions": {
        "type": "Transitive",
        "resolved": "1.1.0",
        "contentHash": "Bl6KYfbFSIW3QIRHAp931iR5h01qHjKghdpAtncwbzNUs0+IUZ+XfwkIU0sQsR33ufGvi3u4dZMIYYFysjpHAA=="
      },
      "Microsoft.Extensions.DependencyInjection": {
        "type": "Transitive",
        "resolved": "5.0.0",
        "contentHash": "Rc2kb/p3Ze6cP6rhFC3PJRdWGbLvSHZc0ev7YlyeU6FmHciDMLrhoVoTUEzKPhN5ZjFgKF1Cf5fOz8mCMIkvpA==",
        "dependencies": {
          "Microsoft.Extensions.DependencyInjection.Abstractions": "5.0.0"
        }
      },
      "Microsoft.Extensions.DependencyInjection.Abstractions": {
        "type": "Transitive",
        "resolved": "10.0.4",
        "contentHash": "SIe9zlVQJecnk/DTmevIcl6+aEDYhoVLc2eG2AKwVeNEC8CSyxHAbh4lf0xtHq9JUum0vVTEByGNTK+b6oihTQ=="
      },
      "Microsoft.Extensions.DependencyModel": {
        "type": "Transitive",
        "resolved": "10.0.2",
        "contentHash": "DHXzj/FKmUDmhzw7AHbMXbNNcgO8Cb9PDbYOUDICjFAdIALy2WbC6pm+dFKiAUNtcYMucZu2iMVw1ef/sdcZFw=="
      },
      "Microsoft.Extensions.FileSystemGlobbing": {
        "type": "Transitive",
        "resolved": "10.0.6",
        "contentHash": "EG9GuYJlj1o1G8maSpKceZdj88OehKFRWaWp8BWUQWlvIJDWD8N0sIYDoRMGL/yX85H8KbVYPR9+dH/UjPEiKw=="
      },
      "Microsoft.Extensions.Logging": {
        "type": "Transitive",
        "resolved": "5.0.0",
        "contentHash": "MgOwK6tPzB6YNH21wssJcw/2MKwee8b2gI7SllYfn6rvTpIrVvVS5HAjSU2vqSku1fwqRvWP0MdIi14qjd93Aw==",
        "dependencies": {
          "Microsoft.Extensions.DependencyInjection": "5.0.0",
          "Microsoft.Extensions.DependencyInjection.Abstractions": "5.0.0",
          "Microsoft.Extensions.Logging.Abstractions": "5.0.0",
          "Microsoft.Extensions.Options": "5.0.0"
        }
      },
      "Microsoft.Extensions.Logging.Abstractions": {
        "type": "Transitive",
        "resolved": "8.0.0",
        "contentHash": "arDBqTgFCyS0EvRV7O3MZturChstm50OJ0y9bDJvAcmEPJm0FFpFyjU/JLYyStNGGey081DvnQYlncNX5SJJGA==",
        "dependencies": {
          "Microsoft.Extensions.DependencyInjection.Abstractions": "8.0.0"
        }
      },
      "Microsoft.Extensions.Options": {
        "type": "Transitive",
        "resolved": "5.0.0",
        "contentHash": "CBvR92TCJ5uBIdd9/HzDSrxYak+0W/3+yxrNg8Qm6Bmrkh5L+nu6m3WeazQehcZ5q1/6dDA7J5YdQjim0165zg==",
        "dependencies": {
          "Microsoft.Extensions.DependencyInjection.Abstractions": "5.0.0",
          "Microsoft.Extensions.Primitives": "5.0.0"
        }
      },
      "Microsoft.Extensions.Primitives": {
        "type": "Transitive",
        "resolved": "5.0.0",
        "contentHash": "cI/VWn9G1fghXrNDagX9nYaaB/nokkZn0HYAawGaELQrl8InSezfe9OnfPZLcJq3esXxygh3hkq2c3qoV3SDyQ=="
      },
      "Microsoft.IO.RecyclableMemoryStream": {
        "type": "Transitive",
        "resolved": "3.0.1",
        "contentHash": "s/s20YTVY9r9TPfTrN5g8zPF1YhwxyqO6PxUkrYTGI2B+OGPe9AdajWZrLhFqXIvqIW23fnUE4+ztrUWNU1+9g=="
      },
      "Microsoft.Win32.SystemEvents": {
        "type": "Transitive",
        "resolved": "8.0.0",
        "contentHash": "9opKRyOKMCi2xJ7Bj7kxtZ1r9vbzosMvRrdEhVhDz8j8MoBGgB+WmC94yH839NPH+BclAjtQ/pyagvi/8gDLkw=="
      },
      "Newtonsoft.Json": {
        "type": "Transitive",
        "resolved": "13.0.4",
        "contentHash": "pdgNNMai3zv51W5aq268sujXUyx7SNdE2bj1wZcWjAQrKMFZV260lbqYop1d2GM67JI1huLRwxo9ZqnfF/lC6A=="
      },
      "NuGet.Versioning": {
        "type": "Transitive",
        "resolved": "7.3.1",
        "contentHash": "TJrQWSmD1vakfav7qIhDXgDFfaZFfMJ+v6P8tcND9ZqXajD5B/ZzaoGYNzL4D3eDue6vAOUvwzu42G+19JNVUA=="
      },
      "PDFtoImage": {
        "type": "Transitive",
        "resolved": "5.2.1",
        "contentHash": "tqCcLRuEc517UJeKy+gHmhjtLcvpE9/UXWgDtU8t4GR+2NQx0SimBDVKkFxGsLlMUHEHuy58dlyfXlo5Sf1jjw==",
        "dependencies": {
          "SkiaSharp": "3.119.2",
          "SkiaSharp.NativeAssets.Linux.NoDependencies": "3.119.2",
          "SkiaSharp.NativeAssets.Win32": "3.119.2",
          "SkiaSharp.NativeAssets.macOS": "3.119.2",
          "bblanchon.PDFium.Linux": "147.0.7690",
          "bblanchon.PDFium.Win32": "147.0.7690",
          "bblanchon.PDFium.macOS": "147.0.7690"
        }
      },
      "Selenium.WebDriver": {
        "type": "Transitive",
        "resolved": "4.43.0",
        "contentHash": "gsT0/pFeTUbyeUL9qcf/KLeII802sZrRNeb7YGKKOlFfT50MKxggWQW3Wh9p82IstCcXG91Ya9OLbu3tH/BRoQ=="
      },
      "SharpCompress": {
        "type": "Transitive",
        "resolved": "0.47.4",
        "contentHash": "0s2rmGFLFQED6ERPUtJiT/KoDsrBzsc+qDoVX1XT4HfAiLZCtV6Z9mHfArBgHVpDErl4Pt9M5VTMVQLPUJw5Kg=="
      },
      "ShimSkiaSharp": {
        "type": "Transitive",
        "resolved": "4.3.0",
        "contentHash": "/W5aaCkKybyvB54797elnNjO9zPv4SKhTuIVUQhugICQ91Rp0wyYT4so6eAlhq5VRINjrAnALn6Xp2m76hxMPQ=="
      },
      "SkiaSharp": {
        "type": "Transitive",
        "resolved": "3.119.3-preview.1.1",
        "contentHash": "+3ndwD845G4jfuyhtg5rrjryh2mEOr2QfAPFtncvAsRLzGX0ferSJ0223av6Sbw9zsEL6Wk0sk/DrXtEpJoo5A==",
        "dependencies": {
          "SkiaSharp.NativeAssets.Win32": "3.119.3-preview.1.1",
          "SkiaSharp.NativeAssets.macOS": "3.119.3-preview.1.1"
        }
      },
      "SkiaSharp.NativeAssets.Linux": {
        "type": "Transitive",
        "resolved": "3.119.3-preview.1.1",
        "contentHash": "ZvpglyfQzhVIUmnPGngliPYcg6ROJNs0BV7XwJ+kktdqY0qe8jifP+UUgaMqTlOTjvuvyCbV7AI4qIBUfRe3Vw=="
      },
      "SkiaSharp.NativeAssets.Linux.NoDependencies": {
        "type": "Transitive",
        "resolved": "3.119.2",
        "contentHash": "1rmveKZ8Cz7k4QJQdtKV6RFXYIEqYBiX450Bm0Bk41EE50MMPUyF81cRnASsuV0qCwdZuzjZTaFvoqS0Q2zVfA=="
      },
      "SkiaSharp.NativeAssets.macOS": {
        "type": "Transitive",
        "resolved": "3.119.3-preview.1.1",
        "contentHash": "rv8B3OxG5PGQVxudIPV+ppjqUkt98VRzczNV3qNtearHebWXIcelpHEWzCtMSAYBm1rIsTs+KKAQv8/1exr0kQ=="
      },
      "SkiaSharp.NativeAssets.WebAssembly": {
        "type": "Transitive",
        "resolved": "3.119.3-preview.1.1",
        "contentHash": "Gzvr/fcJZODWNoLVBAIiM8NKudvZ9yL6WHb87fk7iadio9BWQR7GS0fUvWvE3kYaRAAutsjPdGAnkDR0ujlVDw=="
      },
      "SkiaSharp.NativeAssets.Win32": {
        "type": "Transitive",
        "resolved": "3.119.3-preview.1.1",
        "contentHash": "PkMb1pGPBSW3ZL0IVKP9DZs+w065HVs4jGQELsbkmKzKSL5P8KHLkrrmnv2XpFpXtx2njOllB8243N1dBMK+CQ=="
      },
      "Svg.Animation": {
        "type": "Transitive",
        "resolved": "4.3.0",
        "contentHash": "iRg77v4ydVj56ons8LVUYx2GbshD55DxEgkx0JmqgPyvLqwXgUpgMrs43zYVR/yfVfFVOWiV9N5JuAhPaWdr+g==",
        "dependencies": {
          "ShimSkiaSharp": "4.3.0",
          "SkiaSharp": "2.88.9",
          "Svg.Custom": "4.3.0",
          "Svg.Model": "4.3.0"
        }
      },
      "Svg.Controls.Skia.Avalonia": {
        "type": "Transitive",
        "resolved": "12.0.0.3",
        "contentHash": "TtoRNswWI6CBzcLliWvLaEFiDf0wo9Zi/GTX1H0Q4QVcX2aXItkzPK4MELKv3B3bE+cRmVbXAt1PvwiuD2n6TA==",
        "dependencies": {
          "Avalonia.Skia": "12.0.0",
          "Svg.Skia": "4.3.0"
        }
      },
      "Svg.Custom": {
        "type": "Transitive",
        "resolved": "4.3.0",
        "contentHash": "QsNWssZT83KTMpwlTsil7URQ9OIP51st7s/5qVF+fIONMBXyD9z1XES4rxT2goLY38Bz3yR0qInJPfvunx80Ng==",
        "dependencies": {
          "ExCSS": "4.3.1"
        }
      },
      "Svg.Model": {
        "type": "Transitive",
        "resolved": "4.3.0",
        "contentHash": "c6/o5enlj9gFZzZ5AEXwOf1PcjJ/ylQCxYmnuO1mj1nc+5XsGzEfQdUIrYTppXF5nkxRulCxlg4SHAfFiI5kfA==",
        "dependencies": {
          "ShimSkiaSharp": "4.3.0",
          "Svg.Custom": "4.3.0"
        }
      },
      "Svg.SceneGraph": {
        "type": "Transitive",
        "resolved": "4.3.0",
        "contentHash": "ZOe1i+TdMdRTOKauZAX/D+VB6GVe64Fkctew21CxZYbtVfwXoIMatIXJVhD8nes16o3WJYMreJB1AJXLRNI8aw==",
        "dependencies": {
          "ShimSkiaSharp": "4.3.0",
          "Svg.Custom": "4.3.0",
          "Svg.Model": "4.3.0"
        }
      },
      "Svg.Skia": {
        "type": "Transitive",
        "resolved": "4.3.0",
        "contentHash": "aGDfbLMHVBV+BI5E5WRpnaDk+lnJNJzFihjIxhklcbC36h9+y2Uv+4bqX88pP/VKzgP2m8ekFvTJxiydcdLRjA==",
        "dependencies": {
          "HarfBuzzSharp": "7.3.0.3",
          "HarfBuzzSharp.NativeAssets.Linux": "7.3.0.3",
          "HarfBuzzSharp.NativeAssets.Win32": "7.3.0.3",
          "HarfBuzzSharp.NativeAssets.macOS": "7.3.0.3",
          "SkiaSharp": "2.88.9",
          "Svg.Animation": "4.3.0",
          "Svg.Custom": "4.3.0",
          "Svg.Model": "4.3.0",
          "Svg.SceneGraph": "4.3.0"
        }
      },
      "System.Configuration.ConfigurationManager": {
        "type": "Transitive",
        "resolved": "4.5.0",
        "contentHash": "UIFvaFfuKhLr9u5tWMxmVoDPkFeD+Qv8gUuap4aZgVGYSYMdERck4OhLN/2gulAc0nYTEigWXSJNNWshrmxnng==",
        "dependencies": {
          "System.Security.Cryptography.ProtectedData": "4.5.0",
          "System.Security.Permissions": "4.5.0"
        }
      },
      "System.Drawing.Common": {
        "type": "Transitive",
        "resolved": "8.0.22",
        "contentHash": "Bfqx9udaTLSyH3Icb0EjFvewfrZ/hbvKTmOlDsAVtXlheSZGz3+8yljqLRH5wm0hj+IGsqXFwqDSlIMFUBQ32w==",
        "dependencies": {
          "Microsoft.Win32.SystemEvents": "8.0.0"
        }
      },
      "System.Security.Cryptography.Pkcs": {
        "type": "Transitive",
        "resolved": "6.0.5",
        "contentHash": "eWlSq9kImkq+nDaFH/NnxVtzvZB6gRyFW/SLSMrqsR34hyoBx9++NuBrZbBqeE1UXNkl42EyGhuOxuboZCMByg=="
      },
      "System.Security.Cryptography.ProtectedData": {
        "type": "Transitive",
        "resolved": "4.5.0",
        "contentHash": "wLBKzFnDCxP12VL9ANydSYhk59fC4cvOr9ypYQLPnAj48NQIhqnjdD2yhP8yEKyBJEjERWS9DisKL7rX5eU25Q=="
      },
      "System.Security.Cryptography.Xml": {
        "type": "Transitive",
        "resolved": "6.0.2",
        "contentHash": "8K1hhUWBhVIq0RJxa2M3pUpgcRIDhqwFUq0v44D9vnAsW0yRVLeJiSmDXtsPZOMyqo9uxnzLKWwhsux0NW0thQ==",
        "dependencies": {
          "System.Security.Cryptography.Pkcs": "6.0.5"
        }
      },
      "System.Security.Permissions": {
        "type": "Transitive",
        "resolved": "4.5.0",
        "contentHash": "9gdyuARhUR7H+p5CjyUB/zPk7/Xut3wUSP8NJQB6iZr8L3XUXTMdoLeVAg9N4rqF8oIpE7MpdqHdDHQ7XgJe0g=="
      },
      "Tmds.DBus.Protocol": {
        "type": "Transitive",
        "resolved": "0.92.0",
        "contentHash": "h7IMakm0PF2jxiagoysoAjrzzLQ0UBdnSXQL5kb17YW0Fvyo12Tg96A99QkzwktWRrd7H+Uw9EzjasNLUfGYlA=="
      },
      "compass.common": {
        "type": "Project",
        "dependencies": {
          "Autofac.Extensions.DependencyInjection": "[11.0.0, )",
          "Avalonia.Controls.DataGrid": "[12.0.0, )",
          "Avalonia.Fonts.Inter": "[12.0.1, )",
          "Avalonia.Labs.Gif": "[12.0.0, )",
          "Avalonia.Themes.Fluent": "[12.0.1, )",
          "COMPASS.Infra": "[2.0.0-alpha.1, )",
          "CommandLineParser": "[2.9.1, )",
          "CommunityToolkit.Mvvm": "[8.4.2, )",
          "DotNetSeleniumExtras.WaitHelpers": "[3.11.0, )",
          "FuzzySharp": "[2.0.2, )",
          "HtmlAgilityPack": "[1.12.4, )",
          "Magick.NET-Q8-AnyCPU": "[14.12.0, )",
          "Magick.NET.AvaloniaMediaImaging": "[1.1.9, )",
          "Magick.NET.SystemDrawing": "[8.0.20, )",
          "Material.Icons.Avalonia": "[3.0.2, )",
          "Newtonsoft.Json": "[13.0.4, )",
          "PDFtoImage": "[5.2.1, )",
          "Selenium.WebDriver": "[4.43.0, )",
          "SharpCompress": "[0.47.4, )",
          "Svg.Controls.Skia.Avalonia": "[12.0.0.3, )",
          "itext": "[9.6.0, )",
          "itext.bouncy-castle-adapter": "[9.6.0, )",
          "log4net": "[3.3.0, )"
        }
      },
      "compass.infra": {
        "type": "Project",
        "dependencies": {
          "Autofac": "[9.1.0, )",
          "Avalonia": "[12.0.1, )",
          "Avalonia.Controls.DataGrid": "[12.0.0, )",
          "AvaloniaUI.DiagnosticsSupport": "[2.2.1, )",
          "FuzzySharp": "[2.0.2, )",
          "Microsoft.Extensions.FileSystemGlobbing": "[10.0.6, )",
          "NuGet.Versioning": "[7.3.1, )"
        }
      }
    },
    "net10.0/linux-x64": {
      "Avalonia.Angle.Windows.Natives": {
        "type": "Transitive",
        "resolved": "2.1.25547.20250602",
        "contentHash": "ZL0VLc4s9rvNNFt19Pxm5UNAkmKNylugAwJPX9ulXZ6JWs/l6XZihPWWTyezaoNOVyEPU8YbURtW7XMAtqXH5A=="
      },
      "Avalonia.Native": {
        "type": "Transitive",
        "resolved": "12.0.1",
        "contentHash": "RmMRxAMsZDbouQEZtayAR1JBhQ/CSYKpmjyQocAIjUtOWprifueBigr685VCt5TNJRGPPY0OZbDvD8aVpMNUbw==",
        "dependencies": {
          "Avalonia": "12.0.1"
        }
      },
      "bblanchon.PDFium.Linux": {
        "type": "Transitive",
        "resolved": "147.0.7690",
        "contentHash": "VnH5sYEI1/gd1t0h3TQMsbGnicdYKfzfDjKBGfRX8MqjSFcWgHdFL1MGvyB7HBvQzZtDWspSn2qY6mehGRSw9g=="
      },
      "bblanchon.PDFium.macOS": {
        "type": "Transitive",
        "resolved": "147.0.7690",
        "contentHash": "P6b05GVUhbcfzO54W3rKTTWX/lac3CzZ+5TZnqMhJMqSJrtTGawCXsw+4GiFfC2imnbU7EPabFARzvtPvNp0sw=="
      },
      "bblanchon.PDFium.Win32": {
        "type": "Transitive",
        "resolved": "147.0.7690",
        "contentHash": "vPUlS9LklHm59lcBc9f6loggGgezogOoMdRYbUfTvum1Ndlr7u7KrAq3ZTuTdPF0ijHjhtfjNafZvyyTbmB4mg=="
      },
      "HarfBuzzSharp.NativeAssets.Linux": {
        "type": "Transitive",
        "resolved": "8.3.1.3",
        "contentHash": "RI6A1LgmooU30+4QIyFt5rmBCzP0VzTR+587IJSGvYIsHHWlahFufihYxtraLfsIhW7I8dn6+xX+DZGygOPKWQ=="
      },
      "HarfBuzzSharp.NativeAssets.macOS": {
        "type": "Transitive",
        "resolved": "8.3.1.3",
        "contentHash": "KPTq0xnslkI6nAo0jh3ptcQPJvZZr7MWYXa2jUe4SnHc9q+JlHElmNXp0sfFoiTgoCX7WOYpYsurypuH9Gehxw=="
      },
      "HarfBuzzSharp.NativeAssets.Win32": {
        "type": "Transitive",
        "resolved": "8.3.1.3",
        "contentHash": "bx8CE8Js+XGX8PUxAHCBDEORt5aaBYtMN4Hr9QFs57Xithh6yjUyYqksizH6eRDhJkwsGI+SXWmPmMm8lZC9Pw=="
      },
      "Magick.NET-Q8-AnyCPU": {
        "type": "Transitive",
        "resolved": "14.12.0",
        "contentHash": "YGEgNTZ6DaMhXgJYLClRrmEe6CMsEL5E8hy4c2iH/aEmj41ojFAtA/PIXYH1AOYINNEUX/83nLp/y5obt9P/vw==",
        "dependencies": {
          "Magick.NET.Core": "14.12.0"
        }
      },
      "Microsoft.Win32.SystemEvents": {
        "type": "Transitive",
        "resolved": "8.0.0",
        "contentHash": "9opKRyOKMCi2xJ7Bj7kxtZ1r9vbzosMvRrdEhVhDz8j8MoBGgB+WmC94yH839NPH+BclAjtQ/pyagvi/8gDLkw=="
      },
      "Selenium.WebDriver": {
        "type": "Transitive",
        "resolved": "4.43.0",
        "contentHash": "gsT0/pFeTUbyeUL9qcf/KLeII802sZrRNeb7YGKKOlFfT50MKxggWQW3Wh9p82IstCcXG91Ya9OLbu3tH/BRoQ=="
      },
      "SkiaSharp.NativeAssets.Linux": {
        "type": "Transitive",
        "resolved": "3.119.3-preview.1.1",
        "contentHash": "ZvpglyfQzhVIUmnPGngliPYcg6ROJNs0BV7XwJ+kktdqY0qe8jifP+UUgaMqTlOTjvuvyCbV7AI4qIBUfRe3Vw=="
      },
      "SkiaSharp.NativeAssets.Linux.NoDependencies": {
        "type": "Transitive",
        "resolved": "3.119.2",
        "contentHash": "1rmveKZ8Cz7k4QJQdtKV6RFXYIEqYBiX450Bm0Bk41EE50MMPUyF81cRnASsuV0qCwdZuzjZTaFvoqS0Q2zVfA=="
      },
      "SkiaSharp.NativeAssets.macOS": {
        "type": "Transitive",
        "resolved": "3.119.3-preview.1.1",
        "contentHash": "rv8B3OxG5PGQVxudIPV+ppjqUkt98VRzczNV3qNtearHebWXIcelpHEWzCtMSAYBm1rIsTs+KKAQv8/1exr0kQ=="
      },
      "SkiaSharp.NativeAssets.Win32": {
        "type": "Transitive",
        "resolved": "3.119.3-preview.1.1",
        "contentHash": "PkMb1pGPBSW3ZL0IVKP9DZs+w065HVs4jGQELsbkmKzKSL5P8KHLkrrmnv2XpFpXtx2njOllB8243N1dBMK+CQ=="
      },
      "System.Security.Cryptography.Pkcs": {
        "type": "Transitive",
        "resolved": "6.0.5",
        "contentHash": "eWlSq9kImkq+nDaFH/NnxVtzvZB6gRyFW/SLSMrqsR34hyoBx9++NuBrZbBqeE1UXNkl42EyGhuOxuboZCMByg=="
      },
      "System.Security.Cryptography.ProtectedData": {
        "type": "Transitive",
        "resolved": "4.5.0",
        "contentHash": "wLBKzFnDCxP12VL9ANydSYhk59fC4cvOr9ypYQLPnAj48NQIhqnjdD2yhP8yEKyBJEjERWS9DisKL7rX5eU25Q=="
      }
    }
  }
}