{
  "version": 1,
  "dependencies": {
    "net10.0": {
      "Avalonia.Desktop": {
        "type": "Direct",
        "requested": "[12.1.2, )",
        "resolved": "12.1.2",
        "contentHash": "ghG7UVnLVhCyWm/74xh24gAkXgEZ41oJTUr7c0VI9BiVSqhpukvU5vm8l8ZY35BZX8VPx1YtXUI1+VbhDTOLMw==",
        "dependencies": {
          "Avalonia": "12.1.2",
          "Avalonia.HarfBuzz": "12.1.2",
          "Avalonia.Native": "12.1.2",
          "Avalonia.Skia": "12.1.2",
          "Avalonia.Win32": "12.1.2",
          "Avalonia.X11": "12.1.2"
        }
      },
      "HotAvalonia": {
        "type": "Direct",
        "requested": "[3.1.4, )",
        "resolved": "3.1.4",
        "contentHash": "NHTHpNgKIUlxwxVLjKgv85FbKYV8UzKptCvGojoInGbLK6SB0SWuFjCUydT3r9Ie70o8gvHfxUcmmr/YcRwpPw==",
        "dependencies": {
          "Avalonia.Markup.Xaml.Loader": "11.0.0",
          "HotAvalonia.Core": "3.1.4",
          "HotAvalonia.Extensions": "3.1.4",
          "HotAvalonia.Fody": "3.1.4"
        }
      },
      "OpenCvSharp5.official.runtime.linux-x64.slim": {
        "type": "Direct",
        "requested": "[5.0.0.20260905, )",
        "resolved": "5.0.0.20260905",
        "contentHash": "d3RCr0+VdXiS2HFJTZJNjSZv77VzFhCWdlpixKyZJhGssdNyXLzSyTU6vIlj56LIC3//GKzY0wluGPJz1i/sRg=="
      },
      "Autofac": {
        "type": "Transitive",
        "resolved": "9.3.2",
        "contentHash": "an3dLpmXWvb2aBP5qyA7GVEcXhoG+W/EtFRa3sBYzJdXSNDnB0aoeo4MgOQru0G5sjNDGYM3D3CnBzNFXEVOOA=="
      },
      "Autofac.Extensions.DependencyInjection": {
        "type": "Transitive",
        "resolved": "11.0.2",
        "contentHash": "i2wSkhnmhl3pUMOVfV7+bpurjIutz9yp8pilDRzUgPtUcRR+FdV7jZ/JLMPpUvoND2JMduN0prDtlNfkUVjkTw==",
        "dependencies": {
          "Autofac": "9.3.1",
          "Microsoft.Extensions.DependencyInjection.Abstractions": "10.0.9"
        }
      },
      "Avalonia": {
        "type": "Transitive",
        "resolved": "12.1.2",
        "contentHash": "GHSe4qxjbqqxB570xuB4KtoD+Qhk3uKXJUXbelGYhGz/ti8xEoL7e5DGun8hcsXHondszPPBEdcC68szw7vUKg==",
        "dependencies": {
          "Avalonia.BuildServices": "11.3.2",
          "Avalonia.Remote.Protocol": "12.1.2",
          "MicroCom.Runtime": "0.11.6"
        }
      },
      "Avalonia.Angle.Windows.Natives": {
        "type": "Transitive",
        "resolved": "2.1.27548.20260419",
        "contentHash": "l17nI3XVDN3oMnpjf2pnmJg0YTwK4m6NLsn/itAjDMdObTFxN77D5F1M9sRMSfViSY3KKcse1ROczwgoWLJsnA=="
      },
      "Avalonia.BuildServices": {
        "type": "Transitive",
        "resolved": "11.3.2",
        "contentHash": "qHDToxto1e3hci5YqbG9n0Ty8mlp3zBUN5wT66wKqaDVzXyQ0do3EnRILd4Ke9jpvsktaPpgE0YjEk7hornryQ=="
      },
      "Avalonia.Controls.DataGrid": {
        "type": "Transitive",
        "resolved": "12.1.2",
        "contentHash": "Tw02SZd/B42Gq6/l9IBPfuM+VsHPq7c6LXb9mT0xVjZB2UPeynfKlBgQDcrhu/SOfYUGk7tQSRmLFM2kaAjdrw==",
        "dependencies": {
          "Avalonia": "12.1.0"
        }
      },
      "Avalonia.Fonts.Inter": {
        "type": "Transitive",
        "resolved": "12.1.2",
        "contentHash": "pFkrNWecSX3wP9kTsMyLKyP29/8T7cYywKuE+DC9HN+BstmcIx5iOi6ZZLYAK1HkNTAGjF+oQf5wpTj3gnkWXA==",
        "dependencies": {
          "Avalonia": "12.1.2"
        }
      },
      "Avalonia.FreeDesktop": {
        "type": "Transitive",
        "resolved": "12.1.2",
        "contentHash": "RJqKF7djK/lyDBdj24+HKELGe+7I/86NIA57aeiod5k340svbcb9hs1RYkIF8Nga4Xa2Jd/Pzxpkmvdjb1ASiw==",
        "dependencies": {
          "Avalonia": "12.1.2",
          "Tmds.DBus.Protocol": "0.94.1"
        }
      },
      "Avalonia.FreeDesktop.AtSpi": {
        "type": "Transitive",
        "resolved": "12.1.2",
        "contentHash": "632PfHnqe7OkzStmDOW2ghXfCcTapGhT46HZGMMOIZFr+I0biyxUk7felBQwNzEk5LJ54y4VfIoiWKTgZK8FnA==",
        "dependencies": {
          "Avalonia": "12.1.2"
        }
      },
      "Avalonia.HarfBuzz": {
        "type": "Transitive",
        "resolved": "12.1.2",
        "contentHash": "CqYTMnOLuAXjGldTEMdEf5/ozMY1z5ZshpE4YF0i2s2o4ycsYq855BD/eQS0iBt5PbjtlJgk8njILrBwW0HteQ==",
        "dependencies": {
          "Avalonia": "12.1.2",
          "HarfBuzzSharp": "8.3.1.3",
          "HarfBuzzSharp.NativeAssets.Linux": "8.3.1.3",
          "HarfBuzzSharp.NativeAssets.WebAssembly": "8.3.1.3"
        }
      },
      "Avalonia.Labs.Gif": {
        "type": "Transitive",
        "resolved": "12.0.2",
        "contentHash": "4qMktPNNYOQF19yefeDwA3L5AXSFEDKIgYSneQB3oXFyqvIBb91DISpqS7cuc++xXlBeDiQGB7JyE6QrR9W8vw==",
        "dependencies": {
          "Avalonia": "12.0.1"
        }
      },
      "Avalonia.Markup.Xaml.Loader": {
        "type": "Transitive",
        "resolved": "11.0.0",
        "contentHash": "SDcf5qvleyTb0R24vzZBhFJV9ONlGz0ftOBRxXiSy7R6c513Rjnae0IImuUXSIj+Bmn8AjU6x9eDFRJO78pYVA==",
        "dependencies": {
          "Avalonia": "11.0.0"
        }
      },
      "Avalonia.Native": {
        "type": "Transitive",
        "resolved": "12.1.2",
        "contentHash": "Co60A3FhDiCR022en90e/nUJqn2GtYal353cSUB0lWAd0qb/AuVRdScz9i0QCyglYw+PBfUXSP+9OfI2XvnfCg==",
        "dependencies": {
          "Avalonia": "12.1.2"
        }
      },
      "Avalonia.Remote.Protocol": {
        "type": "Transitive",
        "resolved": "12.1.2",
        "contentHash": "DdLTe9xKXxxfRcXmUw1trXZpBpz1YiZYWXx0DfMVPFAnkCszKsHLi67kaZfGJqtfQq2EySKd2qgRYX2QYkSxcg=="
      },
      "Avalonia.Skia": {
        "type": "Transitive",
        "resolved": "12.1.2",
        "contentHash": "x0TDDdZgNepbxRd6gSQyv3A/hHoVJk3kYqjRa1baI43XPGPuO87lArf4DRKAERgWUxUp1ad28aTvVsE3x0JM0g==",
        "dependencies": {
          "Avalonia": "12.1.2",
          "HarfBuzzSharp": "8.3.1.3",
          "HarfBuzzSharp.NativeAssets.Linux": "8.3.1.3",
          "HarfBuzzSharp.NativeAssets.WebAssembly": "8.3.1.3",
          "SkiaSharp": "3.119.4",
          "SkiaSharp.NativeAssets.Linux": "3.119.4",
          "SkiaSharp.NativeAssets.WebAssembly": "3.119.4"
        }
      },
      "Avalonia.Themes.Fluent": {
        "type": "Transitive",
        "resolved": "12.1.2",
        "contentHash": "EKw1PzlIfqB8n0+yGuHThR9cUEiqZYj0EHYp89jrTwSuudu8pji6I4SGe1UmdwJWdgWf+kuss8T7KT+0wsUyow==",
        "dependencies": {
          "Avalonia": "12.1.2"
        }
      },
      "Avalonia.Win32": {
        "type": "Transitive",
        "resolved": "12.1.2",
        "contentHash": "MjHc5aKNs7Hp/fiX13wTQ3pg+kG9lh+NfqSQGx6/SkfvdO1Hbmribk7Bt0pwFTxcJ6HGlzwGKp1Ur3Ib/tv0ew==",
        "dependencies": {
          "Avalonia": "12.1.2",
          "Avalonia.Angle.Windows.Natives": "2.1.27548.20260419"
        }
      },
      "Avalonia.X11": {
        "type": "Transitive",
        "resolved": "12.1.2",
        "contentHash": "wtCAY9k90yrvhzKmesDGGFxYHsgejmLaR7HY36A4VYJ+E1R8AguNZc3hFaVKywnQLpf/eLhAwQWUxoNVFu9h/w==",
        "dependencies": {
          "Avalonia": "12.1.2",
          "Avalonia.FreeDesktop": "12.1.2",
          "Avalonia.FreeDesktop.AtSpi": "12.1.2",
          "Avalonia.Skia": "12.1.2"
        }
      },
      "AvaloniaUI.DiagnosticsSupport": {
        "type": "Transitive",
        "resolved": "2.2.3",
        "contentHash": "kQCInYusi2c9tjd9hV05Lln6Csbo07kiC672M3G7dsalDBe2j+pOk3We2nzdyy5ptQYy/9gQiC8ZaHhb6u/5Kw==",
        "dependencies": {
          "Microsoft.Extensions.Logging.Abstractions": "8.0.0",
          "Microsoft.IO.RecyclableMemoryStream": "3.0.1"
        }
      },
      "bblanchon.PDFium.Linux": {
        "type": "Transitive",
        "resolved": "147.0.7690",
        "contentHash": "VnH5sYEI1/gd1t0h3TQMsbGnicdYKfzfDjKBGfRX8MqjSFcWgHdFL1MGvyB7HBvQzZtDWspSn2qY6mehGRSw9g=="
      },
      "bblanchon.PDFium.macOS": {
        "type": "Transitive",
        "resolved": "147.0.7690",
        "contentHash": "P6b05GVUhbcfzO54W3rKTTWX/lac3CzZ+5TZnqMhJMqSJrtTGawCXsw+4GiFfC2imnbU7EPabFARzvtPvNp0sw=="
      },
      "bblanchon.PDFium.Win32": {
        "type": "Transitive",
        "resolved": "147.0.7690",
        "contentHash": "vPUlS9LklHm59lcBc9f6loggGgezogOoMdRYbUfTvum1Ndlr7u7KrAq3ZTuTdPF0ijHjhtfjNafZvyyTbmB4mg=="
      },
      "CommandLineParser": {
        "type": "Transitive",
        "resolved": "2.9.1",
        "contentHash": "OE0sl1/sQ37bjVsPKKtwQlWDgqaxWgtme3xZz7JssWUzg5JpMIyHgCTY9MVMxOg48fJ1AgGT3tgdH5m/kQ5xhA=="
      },
      "CommunityToolkit.Mvvm": {
        "type": "Transitive",
        "resolved": "8.4.2",
        "contentHash": "WadCzGEc2U+3e20avRLng4qNtt4zoOGWrdUISqJWrHe3/FSnrYjuM5Sb4yQb09LhkBXrrI4Zt3dLKgRMbItsrg=="
      },
      "ExCSS": {
        "type": "Transitive",
        "resolved": "4.3.1",
        "contentHash": "A8UtcghHQlWxPJhJF5bsfEYO7068JHGTuJ7tzyyMjd5fE/N/xY1cVOUhzuLLFwMOCJVnM4mqSQc93W9fGfZ1kA=="
      },
      "FlashCap": {
        "type": "Transitive",
        "resolved": "1.12.0",
        "contentHash": "bT3D8eSvG4trCErOHXUX4BNAUMfV1Ghri8DINN0CIopjSyi0jgIxV1K0sZegO/gg3PK7xJ03CuY3tWACn0WAbA==",
        "dependencies": {
          "FlashCap.Core": "1.12.0"
        }
      },
      "FlashCap.Core": {
        "type": "Transitive",
        "resolved": "1.12.0",
        "contentHash": "6LiaQSgB9lPa+pLSghbIM2FouS5N+vZC+bbLJ3xqRvzYwdJn4XjgEMrOhbYlNbnIpyQdEaL/pbeZyR4K6Y1hcg=="
      },
      "Fody": {
        "type": "Transitive",
        "resolved": "6.9.2",
        "contentHash": "YBHobPGogb0vYhGYIxn/ndWqTjNWZveDi5jdjrcshL2vjwU3gQGyDeI7vGgye+2rAM5fGRvlLgNWLW3DpviS/w=="
      },
      "FuzzySharp": {
        "type": "Transitive",
        "resolved": "2.0.2",
        "contentHash": "sBKqWxw3g//peYxDZ8JipRlyPbIyBtgzqBVA5GqwHVeqtIrw75maGXAllztf+1aJhchD+drcQIgf2mFho8ZV8A=="
      },
      "HarfBuzzSharp": {
        "type": "Transitive",
        "resolved": "8.3.1.3",
        "contentHash": "NGZ2+ZVNPM+NdHB/asW0/ykWngyHWwcqjrbN2nDeH1B/aptPGlCUl8wkQ2cSJxw5fdWgdmIPmNuTPWpLwNVXWg==",
        "dependencies": {
          "HarfBuzzSharp.NativeAssets.Win32": "8.3.1.3",
          "HarfBuzzSharp.NativeAssets.macOS": "8.3.1.3"
        }
      },
      "HarfBuzzSharp.NativeAssets.Linux": {
        "type": "Transitive",
        "resolved": "8.3.1.3",
        "contentHash": "RI6A1LgmooU30+4QIyFt5rmBCzP0VzTR+587IJSGvYIsHHWlahFufihYxtraLfsIhW7I8dn6+xX+DZGygOPKWQ=="
      },
      "HarfBuzzSharp.NativeAssets.macOS": {
        "type": "Transitive",
        "resolved": "8.3.1.3",
        "contentHash": "KPTq0xnslkI6nAo0jh3ptcQPJvZZr7MWYXa2jUe4SnHc9q+JlHElmNXp0sfFoiTgoCX7WOYpYsurypuH9Gehxw=="
      },
      "HarfBuzzSharp.NativeAssets.WebAssembly": {
        "type": "Transitive",
        "resolved": "8.3.1.3",
        "contentHash": "w2QfdNm9Uz/sUa0B5D+OnVQhyq3G/fBq6ibQMdWBlQqqwh0g0/5j3RFvYqZAmRZ5+RzvjVe8o8SFFnWYUSkuxA=="
      },
      "HarfBuzzSharp.NativeAssets.Win32": {
        "type": "Transitive",
        "resolved": "8.3.1.3",
        "contentHash": "bx8CE8Js+XGX8PUxAHCBDEORt5aaBYtMN4Hr9QFs57Xithh6yjUyYqksizH6eRDhJkwsGI+SXWmPmMm8lZC9Pw=="
      },
      "HotAvalonia.Core": {
        "type": "Transitive",
        "resolved": "3.1.4",
        "contentHash": "sc42lDe+eUPxRvzi1wFL5/Cujo8lQ9iFnblH0jvZMqU5nKnNFdiuHyTpe6dewz65B0SQOuxpXHpIMc4yxoRgiQ=="
      },
      "HotAvalonia.Extensions": {
        "type": "Transitive",
        "resolved": "3.1.4",
        "contentHash": "82mtkBZI+6BVxl/diR3szgZVDWI9NEqH1qWgz8Td0m7y/LfqbxDHqMzr5L4IR/2lCnZ1yHi5jDfp6e2WR7dHeg=="
      },
      "HotAvalonia.Fody": {
        "type": "Transitive",
        "resolved": "3.1.4",
        "contentHash": "Xtp9G/VHSFJDACi9JLD3e0CywTKTP+pdlchLD19enXIC3uxsagOEf5wGhfzHIbv0JL8FTZ5WbmVIjYfCLlLQIA==",
        "dependencies": {
          "Fody": "6.9.2"
        }
      },
      "HtmlAgilityPack": {
        "type": "Transitive",
        "resolved": "1.13.0",
        "contentHash": "nWZtz9WjSbq6V7TjjYBCmW+D8+BrWs15O6MlPxh55SH4zmenkWHXwu6gYeIarHL3KoHgDyZzTdOM50EdTnR8Xw=="
      },
      "Magick.NET-Q8-AnyCPU": {
        "type": "Transitive",
        "resolved": "14.17.1",
        "contentHash": "qcRjhaQ6XueNp2ZUAXYcDrCWlWWlzw3VatXmhCKXDpG4MABGJJr5+o1KQqOe1EtSZaDS6hQNAh4nU8XjCENDiw==",
        "dependencies": {
          "Magick.NET.Core": "14.17.1"
        }
      },
      "Magick.NET.AvaloniaMediaImaging": {
        "type": "Transitive",
        "resolved": "1.1.15",
        "contentHash": "SYFT1uigxk1f+rF1tyJWSolDM1YtvTAOu/VGCoG7wYf4bDS9BP2TozZNZFTKeBXMQKLUFYZgU7UG962APr1cRg==",
        "dependencies": {
          "Avalonia": "12.1.0",
          "Magick.NET.Core": "14.17.0"
        }
      },
      "Magick.NET.Core": {
        "type": "Transitive",
        "resolved": "14.17.1",
        "contentHash": "4BBbU5l5DmdT9isSNGrIE/0VwAh29SoKMSDMiIvFBDqz6vQfG6EYBFJQOemdCH3xkMfesSzImOVPjnyMf/PIqA=="
      },
      "Magick.NET.SystemDrawing": {
        "type": "Transitive",
        "resolved": "8.0.27",
        "contentHash": "iE24YlBA2+O5THEA0+IpLLwfNldN1MKjcvSGYKw2sYY7KLBvXXguJ0zLH6lp3jyK3Whi+MFVJTEYGQ4QlDeKwA==",
        "dependencies": {
          "Magick.NET.Core": "14.17.1",
          "System.Drawing.Common": "8.0.29"
        }
      },
      "Markdig": {
        "type": "Transitive",
        "resolved": "1.3.2",
        "contentHash": "fZgOC/3CswUrndjDTac70aQpYdtxbW5+5bRumR7vzvI2HJbkmgKisB1c9oT+GA6v0jB/JDR9BLa9FiPzQmaK6A=="
      },
      "MarkView.Avalonia": {
        "type": "Transitive",
        "resolved": "12.2.1",
        "contentHash": "M5pFmWAZ0ZXd+EacfHvbRSgPJ4sW4kp6UJcvjHkRfz77TQes26LpILLjF8lGAgoXZnB5rAr8QiCmCxEpNx0atQ==",
        "dependencies": {
          "Avalonia": "12.1.1",
          "Markdig": "1.3.2"
        }
      },
      "Material.Icons": {
        "type": "Transitive",
        "resolved": "3.0.2",
        "contentHash": "vzeJjXu0PWJSZDCG0lL8+xx4Zf3i+iKOmu4GjGXtgAex22JPKDOaYPUU77Fd21LEsKrkrAQ1cZ61mrHPX1Elsg=="
      },
      "Material.Icons.Avalonia": {
        "type": "Transitive",
        "resolved": "3.0.2",
        "contentHash": "zXUS04QfxgSv0oMbsIf+6fZqcQbyh3L920Ucif8UHLaaFRK9E5R80ixUPnBpFRwGNe4sTDNhUS2Ti1T1wT3g5A==",
        "dependencies": {
          "Avalonia": "12.0.0",
          "Material.Icons": "3.0.2"
        }
      },
      "MicroCom.Runtime": {
        "type": "Transitive",
        "resolved": "0.11.6",
        "contentHash": "NdNWGDiZ6eS/Mf/9+QHR91cj1K7Hy+PX9yrHI/zM7xFYuj9IWT2uxtB6sCHjrnxAeLV9fut1R6zHDUGKX6f9lQ=="
      },
      "Microsoft.Extensions.Configuration": {
        "type": "Transitive",
        "resolved": "10.0.12",
        "contentHash": "e3IPP32CRNL031VZJAUTlCTG0YN7WFh4mN3fsSHTDQCJB+3+f0jGycv4fXk3rrftaY3B85XrQaj7sRthrOsavg==",
        "dependencies": {
          "Microsoft.Extensions.Configuration.Abstractions": "10.0.12",
          "Microsoft.Extensions.Primitives": "10.0.12"
        }
      },
      "Microsoft.Extensions.Configuration.Abstractions": {
        "type": "Transitive",
        "resolved": "10.0.12",
        "contentHash": "8xaGcvS/qZ1otoxPQCEJkNva389CVL/plNcvIETZhQTETYdRkYDPEYhUMoAGONo4FU45ufdfE0j29AfWVVj0wA==",
        "dependencies": {
          "Microsoft.Extensions.Primitives": "10.0.12"
        }
      },
      "Microsoft.Extensions.Configuration.Binder": {
        "type": "Transitive",
        "resolved": "10.0.12",
        "contentHash": "dAgIf1TOr8KLs+aBRIbXUZBjHoSH4rDG8+XkX/Q6AZwkQdMA0+yPDKTHsieeXdZDfpOpZVHzOnuAb5Z2nX3KsA==",
        "dependencies": {
          "Microsoft.Extensions.Configuration": "10.0.12",
          "Microsoft.Extensions.Configuration.Abstractions": "10.0.12"
        }
      },
      "Microsoft.Extensions.DependencyInjection": {
        "type": "Transitive",
        "resolved": "10.0.12",
        "contentHash": "lXyK2O5GoYvfxW8eCFcD16JFbcoSTM1sJkAM0UHS1jZyl9NYMW64Tqm6OQFT0IDBjZi+xHt95/Zg+nxZhGFhZg==",
        "dependencies": {
          "Microsoft.Extensions.DependencyInjection.Abstractions": "10.0.12"
        }
      },
      "Microsoft.Extensions.DependencyInjection.Abstractions": {
        "type": "Transitive",
        "resolved": "10.0.12",
        "contentHash": "9/qymSh7hVDMGTGwrLz8MRp5zRyXy9adGDOs4HwRdnLil3oZGYuWeZjbmHgCQ9BL1qBroVfgUK3U/nb61617Cw=="
      },
      "Microsoft.Extensions.Diagnostics": {
        "type": "Transitive",
        "resolved": "10.0.12",
        "contentHash": "amx0O/R4dReqKlC3T740+CHpX8D8tAIV0f5kAPfFi4XK9jYo9BSepGt9/rWfvvCoSMaZ1+XvnqPp/Vv2fmTdAg==",
        "dependencies": {
          "Microsoft.Extensions.Configuration": "10.0.12",
          "Microsoft.Extensions.Diagnostics.Abstractions": "10.0.12",
          "Microsoft.Extensions.Options.ConfigurationExtensions": "10.0.12"
        }
      },
      "Microsoft.Extensions.Diagnostics.Abstractions": {
        "type": "Transitive",
        "resolved": "10.0.12",
        "contentHash": "fMp91qlRlMOuHfMyp7LuAnOS+MOeWTF1obJmyFcs4nZCXu6pr+QB1AbFJcl2qpBltBrqF/Y7+Rn9IuNcSuctig==",
        "dependencies": {
          "Microsoft.Extensions.DependencyInjection.Abstractions": "10.0.12",
          "Microsoft.Extensions.Options": "10.0.12"
        }
      },
      "Microsoft.Extensions.FileSystemGlobbing": {
        "type": "Transitive",
        "resolved": "10.0.12",
        "contentHash": "45cV+UeI0chPAIXrx9Wv7K4PJXuuIR2pnOur5MOAo6kOFclBHSLLDrvGAxMfWRMtUvpv/kQZkxlgaUN56jwzSQ=="
      },
      "Microsoft.Extensions.Http": {
        "type": "Transitive",
        "resolved": "10.0.12",
        "contentHash": "x/fnoUGgmIUjSgLR1p6Mpi/vXc1Xe0xDPJnggPp23I6vwM/kY4nxyOjo8i6G5KPVw+esJM+rJsqnHbdjasvCBw==",
        "dependencies": {
          "Microsoft.Extensions.Configuration.Abstractions": "10.0.12",
          "Microsoft.Extensions.DependencyInjection.Abstractions": "10.0.12",
          "Microsoft.Extensions.Diagnostics": "10.0.12",
          "Microsoft.Extensions.Logging": "10.0.12",
          "Microsoft.Extensions.Logging.Abstractions": "10.0.12",
          "Microsoft.Extensions.Options": "10.0.12"
        }
      },
      "Microsoft.Extensions.Logging": {
        "type": "Transitive",
        "resolved": "10.0.12",
        "contentHash": "6I46fTPfgYkrjRYfRXbho9WOvOelTnNjWuZws/hzGHDASH1LEJeA4VKK9k3wJvido8o7jJSB5WkMTonX7HM1bA==",
        "dependencies": {
          "Microsoft.Extensions.DependencyInjection": "10.0.12",
          "Microsoft.Extensions.Logging.Abstractions": "10.0.12",
          "Microsoft.Extensions.Options": "10.0.12"
        }
      },
      "Microsoft.Extensions.Logging.Abstractions": {
        "type": "Transitive",
        "resolved": "10.0.12",
        "contentHash": "+24lC4plfbEDNfLAdTV/SWKS7dW+16X4HdydO3R++134kSNTzcbYA4KpR1Hdh6uWisB8Za3AzwyOn+K+NxWIug==",
        "dependencies": {
          "Microsoft.Extensions.DependencyInjection.Abstractions": "10.0.12"
        }
      },
      "Microsoft.Extensions.Options": {
        "type": "Transitive",
        "resolved": "10.0.12",
        "contentHash": "TDYD33TSRpXKZWlmTXNlj5kCihxatmv2Ec1u6C+bMYLphCS7PoSLE9Pjd/nunDoE7yETk+LLKjVJX78HYtWjpA==",
        "dependencies": {
          "Microsoft.Extensions.DependencyInjection.Abstractions": "10.0.12",
          "Microsoft.Extensions.Primitives": "10.0.12"
        }
      },
      "Microsoft.Extensions.Options.ConfigurationExtensions": {
        "type": "Transitive",
        "resolved": "10.0.12",
        "contentHash": "rqpu4qj5WE9x1IHGXSIgHBKi7IUlQaHyp4aXCYIanG2OghlUMFZpZTgExaXwcvmLAJHsxKQWMPpc7D2WIbCVtA==",
        "dependencies": {
          "Microsoft.Extensions.Configuration.Abstractions": "10.0.12",
          "Microsoft.Extensions.Configuration.Binder": "10.0.12",
          "Microsoft.Extensions.DependencyInjection.Abstractions": "10.0.12",
          "Microsoft.Extensions.Options": "10.0.12",
          "Microsoft.Extensions.Primitives": "10.0.12"
        }
      },
      "Microsoft.Extensions.Primitives": {
        "type": "Transitive",
        "resolved": "10.0.12",
        "contentHash": "dYfCLR52UA+3DL7C4I/pvSaRPkNqxrUAQmbFL2u0zvYKKzqgrFCJl08Df+F1aYc8leu9JvpC9bsURUdpExcBXQ=="
      },
      "Microsoft.IO.RecyclableMemoryStream": {
        "type": "Transitive",
        "resolved": "3.0.1",
        "contentHash": "s/s20YTVY9r9TPfTrN5g8zPF1YhwxyqO6PxUkrYTGI2B+OGPe9AdajWZrLhFqXIvqIW23fnUE4+ztrUWNU1+9g=="
      },
      "Microsoft.Win32.SystemEvents": {
        "type": "Transitive",
        "resolved": "8.0.0",
        "contentHash": "9opKRyOKMCi2xJ7Bj7kxtZ1r9vbzosMvRrdEhVhDz8j8MoBGgB+WmC94yH839NPH+BclAjtQ/pyagvi/8gDLkw=="
      },
      "NuGet.Versioning": {
        "type": "Transitive",
        "resolved": "7.9.0",
        "contentHash": "r4sZuVpVqwSBLe4qYDrnpScqdyctlRXg0HSF5OoCGkeBc8b+o8BBYHuI/u1RoWYX78PbieijU13TBt71/Xf3lw=="
      },
      "OpenCvSharp5": {
        "type": "Transitive",
        "resolved": "5.0.0.20260905",
        "contentHash": "if53wZChxF0xrqtjQzGgCkrmhXeXI2ZWVEguE8DOcZmbdfOE+AB3lPOixW/bNZQZmiSCrP+5DWz9q0mWyOo19g=="
      },
      "PdfPig": {
        "type": "Transitive",
        "resolved": "0.1.16",
        "contentHash": "qQcbsNMYVY+K5ELptax2S8thNMk0+rSQq3H/KdYj3LLcko8yTCz8y5KIvsKxIyAuTN0ZYNnfsZkM+0EvxTwHVA=="
      },
      "PDFtoImage": {
        "type": "Transitive",
        "resolved": "5.2.1",
        "contentHash": "tqCcLRuEc517UJeKy+gHmhjtLcvpE9/UXWgDtU8t4GR+2NQx0SimBDVKkFxGsLlMUHEHuy58dlyfXlo5Sf1jjw==",
        "dependencies": {
          "SkiaSharp": "3.119.2",
          "SkiaSharp.NativeAssets.Linux.NoDependencies": "3.119.2",
          "SkiaSharp.NativeAssets.Win32": "3.119.2",
          "SkiaSharp.NativeAssets.macOS": "3.119.2",
          "bblanchon.PDFium.Linux": "147.0.7690",
          "bblanchon.PDFium.Win32": "147.0.7690",
          "bblanchon.PDFium.macOS": "147.0.7690"
        }
      },
      "Selenium.Support": {
        "type": "Transitive",
        "resolved": "4.49.0",
        "contentHash": "NOU5gXJ0MudmeZ6ZfQHMhqHb+qHPptxa5eQD8DJMxHn9fUTWBp/73xrwHhTBtAMfe2uczuYJn2isTmGsMd3t5A==",
        "dependencies": {
          "Selenium.WebDriver": "4.49.0"
        }
      },
      "Selenium.WebDriver": {
        "type": "Transitive",
        "resolved": "4.49.0",
        "contentHash": "WsqfFJ4mvOeUoI0mD1208tc9SgmjI0c90RdpWXqnosksCwo0+dQWf/3LqeewDDAVzpbIbtfhEetdpBhjDpkdzg=="
      },
      "Serilog": {
        "type": "Transitive",
        "resolved": "4.4.0",
        "contentHash": "ZC6Le3rr4TVJJjS4KsQAesxeF1EhW9qcZmmG7eP5Y2G3+gTGkJEUXkq4+tZNPtyp05I0wWOxnIjwtxFweJsObw=="
      },
      "Serilog.Sinks.File": {
        "type": "Transitive",
        "resolved": "7.0.0",
        "contentHash": "fKL7mXv7qaiNBUC71ssvn/dU0k9t0o45+qm2XgKAlSt19xF+ijjxyA3R6HmCgfKEKwfcfkwWjayuQtRueZFkYw==",
        "dependencies": {
          "Serilog": "4.2.0"
        }
      },
      "SharpCompress": {
        "type": "Transitive",
        "resolved": "0.50.4",
        "contentHash": "/hxjUR7DEX6mky8/LQXyrnrKioOL6D6veAID1EZpro+q4s02x5dHEYBV3qjEN6lDYYilDoQQ76BcmQj+lRx51w=="
      },
      "ShimSkiaSharp": {
        "type": "Transitive",
        "resolved": "5.1.1",
        "contentHash": "yYLSkTgGliFONplDPaSOpmTbV0VhbjHySYAqA3NMJilqPA/OBevX3/4sJ0k4FRhbuI8akyw6O2RMO/xUKwFBxQ=="
      },
      "SkiaImageView.Avalonia11": {
        "type": "Transitive",
        "resolved": "1.5.0",
        "contentHash": "RtphriyUHZG+AQiIJDud5lowe/kifcP0T/tRhpS5jzloZoDP8nO5DmphzY/WZri19OupF5sMilzWTjQgLSnDhA==",
        "dependencies": {
          "Avalonia": "11.0.0",
          "SkiaSharp": "2.88.3"
        }
      },
      "SkiaSharp": {
        "type": "Transitive",
        "resolved": "3.119.4",
        "contentHash": "53NOSUZ1Us+91Sm0uCkIivh/k7jOowRErZT2sIWwPFN9mLUvdxnE6rS4sWo4255+Rd2MWUSF+j0NMZHD6Cke+Q==",
        "dependencies": {
          "SkiaSharp.NativeAssets.Win32": "3.119.4",
          "SkiaSharp.NativeAssets.macOS": "3.119.4"
        }
      },
      "SkiaSharp.NativeAssets.Linux": {
        "type": "Transitive",
        "resolved": "3.119.4",
        "contentHash": "UAyVzbqNfZsZbKbzj68zXLyUyF/SbTKmzTfOO6qDu++dtIUMMTzPBe8oOuzU/DiewpfKoUUlOSsJmqWc6blxBw=="
      },
      "SkiaSharp.NativeAssets.Linux.NoDependencies": {
        "type": "Transitive",
        "resolved": "3.119.2",
        "contentHash": "1rmveKZ8Cz7k4QJQdtKV6RFXYIEqYBiX450Bm0Bk41EE50MMPUyF81cRnASsuV0qCwdZuzjZTaFvoqS0Q2zVfA=="
      },
      "SkiaSharp.NativeAssets.macOS": {
        "type": "Transitive",
        "resolved": "3.119.4",
        "contentHash": "fgBOWEqbY012x7gMfJU4ezgz6dfhJb30Z6YdW35h85Zoe39+a8YNbAAwL29ihPfWoppg5AjvyKNzD1oCvlqWwA=="
      },
      "SkiaSharp.NativeAssets.WebAssembly": {
        "type": "Transitive",
        "resolved": "3.119.4",
        "contentHash": "S1HOxtBbD4bYDtA2e9WH5TX+lxqRrTPvKjrjttRhxnHNNu7YY8VFo/LeCP7tNqoTA6PV+8vsvNbmRUEC2ip8RQ=="
      },
      "SkiaSharp.NativeAssets.Win32": {
        "type": "Transitive",
        "resolved": "3.119.4",
        "contentHash": "XOpbx/4CReO2wYsq2s6rbvdauc6dntG4Zv499sHGTJ87bwZaFXszFkwql3+FIZMc8kUPeaj3Mx2ezIJmo8a1Kg=="
      },
      "Svg.Animation": {
        "type": "Transitive",
        "resolved": "5.1.1",
        "contentHash": "HUaU5Pa1fvE2CcYMHhA6nQH+4dcJsDEJ5feYfVoO3ha0u506ugOR0gR1fKHANIwEapYs20nLJQHLb39DK/pJlg==",
        "dependencies": {
          "ShimSkiaSharp": "5.1.1",
          "SkiaSharp": "3.119.2",
          "Svg.Custom": "5.1.1",
          "Svg.Model": "5.1.1"
        }
      },
      "Svg.Controls.Skia.Avalonia": {
        "type": "Transitive",
        "resolved": "12.0.0.13",
        "contentHash": "jepGZzlv7tHLWFWzCEVrZn4XgTHfFjFE2WtFqsV7bANYxKWyPkXfVcBlPJrccNmyH7oARJ71y54YKHKkr8AkjQ==",
        "dependencies": {
          "Avalonia.Skia": "12.0.0",
          "Svg.Skia": "5.1.1"
        }
      },
      "Svg.Custom": {
        "type": "Transitive",
        "resolved": "5.1.1",
        "contentHash": "i53zvhuauElnLtGzezyfzpAs/zJ3UaexqT+JuAQTL6yC5ym1nQXTnjntDhY4qrouJ5elGjEwjag1nzfdPPPGSQ==",
        "dependencies": {
          "ExCSS": "4.3.1"
        }
      },
      "Svg.Model": {
        "type": "Transitive",
        "resolved": "5.1.1",
        "contentHash": "j9j4kqKL5Girwr/2qwzzDRJ7CDXvGipchbNQfxmmUAk70JG3/6mXaF/QJLiIat6p6NU38MBYaOSilVuqaZuC5w==",
        "dependencies": {
          "ShimSkiaSharp": "5.1.1",
          "Svg.Custom": "5.1.1"
        }
      },
      "Svg.SceneGraph": {
        "type": "Transitive",
        "resolved": "5.1.1",
        "contentHash": "p0ti8uOikN7aEg/KDq042xBbWijbOl2sITWMpO9vJ2KEaBeB8jouTDQTK7QssMs8DynR1+FxOsn7WEftXF0jow==",
        "dependencies": {
          "ShimSkiaSharp": "5.1.1",
          "Svg.Custom": "5.1.1",
          "Svg.Model": "5.1.1"
        }
      },
      "Svg.Skia": {
        "type": "Transitive",
        "resolved": "5.1.1",
        "contentHash": "zBcxwGQlEOE1HKFOmcGl/Sl/0aeRajRv/yEE5lRFQqufhIERuuzCHmq6xWK0fyeA+B1uufOR/h5+MHGMatJz4w==",
        "dependencies": {
          "HarfBuzzSharp": "8.3.1.3",
          "HarfBuzzSharp.NativeAssets.Linux": "8.3.1.3",
          "HarfBuzzSharp.NativeAssets.Win32": "8.3.1.3",
          "HarfBuzzSharp.NativeAssets.macOS": "8.3.1.3",
          "SkiaSharp": "3.119.2",
          "Svg.Animation": "5.1.1",
          "Svg.Custom": "5.1.1",
          "Svg.Model": "5.1.1",
          "Svg.SceneGraph": "5.1.1"
        }
      },
      "System.Drawing.Common": {
        "type": "Transitive",
        "resolved": "8.0.29",
        "contentHash": "sJZ5BBGGRU8rnVYeaeolaaYQg9grIixN/lZvr3mzJAygZKFiW/v8qdD28EO+ZccWLl2yjLQSz3jgeApJLnhoEA==",
        "dependencies": {
          "Microsoft.Win32.SystemEvents": "8.0.0"
        }
      },
      "Tmds.DBus.Protocol": {
        "type": "Transitive",
        "resolved": "0.94.1",
        "contentHash": "11YMr7FnAbL83bQmVxlhbIKHvSLxjO81D12Ej0QMSGXMDTxNA9MTOa4MQxx43nv5el/efuPHwzyrj6a5ha2gug=="
      },
      "compass.apiclients": {
        "type": "Project",
        "dependencies": {
          "Autofac": "[9.3.2, )",
          "Autofac.Extensions.DependencyInjection": "[11.0.2, )",
          "Microsoft.Extensions.Http": "[10.0.12, )"
        }
      },
      "compass.common": {
        "type": "Project",
        "dependencies": {
          "Autofac.Extensions.DependencyInjection": "[11.0.2, )",
          "Avalonia.Fonts.Inter": "[12.1.2, )",
          "Avalonia.Labs.Gif": "[12.0.2, )",
          "Avalonia.Themes.Fluent": "[12.1.2, )",
          "COMPASS.ApiClients": "[2.0.0-beta.2, )",
          "COMPASS.Infra": "[2.0.0-beta.2, )",
          "COMPASS.Infra.Avalonia": "[2.0.0-beta.2, )",
          "CommandLineParser": "[2.9.1, )",
          "FlashCap": "[1.12.0, )",
          "HtmlAgilityPack": "[1.13.0, )",
          "Magick.NET-Q8-AnyCPU": "[14.17.1, )",
          "Magick.NET.AvaloniaMediaImaging": "[1.1.15, )",
          "Magick.NET.SystemDrawing": "[8.0.27, )",
          "MarkView.Avalonia": "[12.2.1, )",
          "Material.Icons.Avalonia": "[3.0.2, )",
          "Microsoft.Extensions.Http": "[10.0.12, )",
          "OpenCvSharp5": "[5.0.0.20260905, )",
          "PDFtoImage": "[5.2.1, )",
          "PdfPig": "[0.1.16, )",
          "Selenium.Support": "[4.49.0, )",
          "Selenium.WebDriver": "[4.49.0, )",
          "Serilog": "[4.4.0, )",
          "Serilog.Sinks.File": "[7.0.0, )",
          "SharpCompress": "[0.50.4, )",
          "SkiaImageView.Avalonia11": "[1.5.0, )",
          "Svg.Controls.Skia.Avalonia": "[12.0.0.13, )"
        }
      },
      "compass.infra": {
        "type": "Project",
        "dependencies": {
          "Autofac": "[9.3.2, )",
          "CommunityToolkit.Mvvm": "[8.4.2, )",
          "FuzzySharp": "[2.0.2, )",
          "Microsoft.Extensions.FileSystemGlobbing": "[10.0.12, )",
          "NuGet.Versioning": "[7.9.0, )",
          "SharpCompress": "[0.50.4, )"
        }
      },
      "compass.infra.avalonia": {
        "type": "Project",
        "dependencies": {
          "Avalonia": "[12.1.2, )",
          "Avalonia.Controls.DataGrid": "[12.1.2, )",
          "AvaloniaUI.DiagnosticsSupport": "[2.2.3, )"
        }
      }
    },
    "net10.0/linux-x64": {
      "OpenCvSharp5.official.runtime.linux-x64.slim": {
        "type": "Direct",
        "requested": "[5.0.0.20260905, )",
        "resolved": "5.0.0.20260905",
        "contentHash": "d3RCr0+VdXiS2HFJTZJNjSZv77VzFhCWdlpixKyZJhGssdNyXLzSyTU6vIlj56LIC3//GKzY0wluGPJz1i/sRg=="
      },
      "Avalonia.Angle.Windows.Natives": {
        "type": "Transitive",
        "resolved": "2.1.27548.20260419",
        "contentHash": "l17nI3XVDN3oMnpjf2pnmJg0YTwK4m6NLsn/itAjDMdObTFxN77D5F1M9sRMSfViSY3KKcse1ROczwgoWLJsnA=="
      },
      "Avalonia.Native": {
        "type": "Transitive",
        "resolved": "12.1.2",
        "contentHash": "Co60A3FhDiCR022en90e/nUJqn2GtYal353cSUB0lWAd0qb/AuVRdScz9i0QCyglYw+PBfUXSP+9OfI2XvnfCg==",
        "dependencies": {
          "Avalonia": "12.1.2"
        }
      },
      "bblanchon.PDFium.Linux": {
        "type": "Transitive",
        "resolved": "147.0.7690",
        "contentHash": "VnH5sYEI1/gd1t0h3TQMsbGnicdYKfzfDjKBGfRX8MqjSFcWgHdFL1MGvyB7HBvQzZtDWspSn2qY6mehGRSw9g=="
      },
      "bblanchon.PDFium.macOS": {
        "type": "Transitive",
        "resolved": "147.0.7690",
        "contentHash": "P6b05GVUhbcfzO54W3rKTTWX/lac3CzZ+5TZnqMhJMqSJrtTGawCXsw+4GiFfC2imnbU7EPabFARzvtPvNp0sw=="
      },
      "bblanchon.PDFium.Win32": {
        "type": "Transitive",
        "resolved": "147.0.7690",
        "contentHash": "vPUlS9LklHm59lcBc9f6loggGgezogOoMdRYbUfTvum1Ndlr7u7KrAq3ZTuTdPF0ijHjhtfjNafZvyyTbmB4mg=="
      },
      "HarfBuzzSharp.NativeAssets.Linux": {
        "type": "Transitive",
        "resolved": "8.3.1.3",
        "contentHash": "RI6A1LgmooU30+4QIyFt5rmBCzP0VzTR+587IJSGvYIsHHWlahFufihYxtraLfsIhW7I8dn6+xX+DZGygOPKWQ=="
      },
      "HarfBuzzSharp.NativeAssets.macOS": {
        "type": "Transitive",
        "resolved": "8.3.1.3",
        "contentHash": "KPTq0xnslkI6nAo0jh3ptcQPJvZZr7MWYXa2jUe4SnHc9q+JlHElmNXp0sfFoiTgoCX7WOYpYsurypuH9Gehxw=="
      },
      "HarfBuzzSharp.NativeAssets.Win32": {
        "type": "Transitive",
        "resolved": "8.3.1.3",
        "contentHash": "bx8CE8Js+XGX8PUxAHCBDEORt5aaBYtMN4Hr9QFs57Xithh6yjUyYqksizH6eRDhJkwsGI+SXWmPmMm8lZC9Pw=="
      },
      "Magick.NET-Q8-AnyCPU": {
        "type": "Transitive",
        "resolved": "14.17.1",
        "contentHash": "qcRjhaQ6XueNp2ZUAXYcDrCWlWWlzw3VatXmhCKXDpG4MABGJJr5+o1KQqOe1EtSZaDS6hQNAh4nU8XjCENDiw==",
        "dependencies": {
          "Magick.NET.Core": "14.17.1"
        }
      },
      "Microsoft.Win32.SystemEvents": {
        "type": "Transitive",
        "resolved": "8.0.0",
        "contentHash": "9opKRyOKMCi2xJ7Bj7kxtZ1r9vbzosMvRrdEhVhDz8j8MoBGgB+WmC94yH839NPH+BclAjtQ/pyagvi/8gDLkw=="
      },
      "Selenium.WebDriver": {
        "type": "Transitive",
        "resolved": "4.49.0",
        "contentHash": "WsqfFJ4mvOeUoI0mD1208tc9SgmjI0c90RdpWXqnosksCwo0+dQWf/3LqeewDDAVzpbIbtfhEetdpBhjDpkdzg=="
      },
      "SkiaSharp.NativeAssets.Linux": {
        "type": "Transitive",
        "resolved": "3.119.4",
        "contentHash": "UAyVzbqNfZsZbKbzj68zXLyUyF/SbTKmzTfOO6qDu++dtIUMMTzPBe8oOuzU/DiewpfKoUUlOSsJmqWc6blxBw=="
      },
      "SkiaSharp.NativeAssets.Linux.NoDependencies": {
        "type": "Transitive",
        "resolved": "3.119.2",
        "contentHash": "1rmveKZ8Cz7k4QJQdtKV6RFXYIEqYBiX450Bm0Bk41EE50MMPUyF81cRnASsuV0qCwdZuzjZTaFvoqS0Q2zVfA=="
      },
      "SkiaSharp.NativeAssets.macOS": {
        "type": "Transitive",
        "resolved": "3.119.4",
        "contentHash": "fgBOWEqbY012x7gMfJU4ezgz6dfhJb30Z6YdW35h85Zoe39+a8YNbAAwL29ihPfWoppg5AjvyKNzD1oCvlqWwA=="
      },
      "SkiaSharp.NativeAssets.Win32": {
        "type": "Transitive",
        "resolved": "3.119.4",
        "contentHash": "XOpbx/4CReO2wYsq2s6rbvdauc6dntG4Zv499sHGTJ87bwZaFXszFkwql3+FIZMc8kUPeaj3Mx2ezIJmo8a1Kg=="
      }
    }
  }
}